# This lock file was generated by conda-lock (https://github.com/conda/conda-lock). DO NOT EDIT!
#
# A "lock file" contains a concrete list of package versions (with checksums) to be installed. Unlike
# e.g. `conda env create`, the resulting environment will not change as new package versions become
# available, unless you explicitly update the lock file.
#
# Install this environment as "YOURENV" with:
#     conda-lock install -n YOURENV new.conda-lock.yml
# To update a single package to the latest version compatible with the version constraints in the source:
#     conda-lock lock  --lockfile new.conda-lock.yml --update PACKAGE
# To re-solve the entire environment, e.g. after changing a version constraint in the source file:
#     conda-lock -f environment.yml --lockfile new.conda-lock.yml
version: 1
metadata:
  content_hash:
    linux-64: 63215cfc5f6c1c66496c1bb921f9cb76b58beb1fba46d7997a31facd6c5eb3af
  channels:
  - url: conda-forge
    used_env_vars: []
  platforms:
  - linux-64
  sources:
  - environment.yml
package:
- name: _libgcc_mutex
  version: '0.1'
  manager: conda
  platform: linux-64
  dependencies: {}
  url: https://conda.anaconda.org/conda-forge/linux-64/_libgcc_mutex-0.1-conda_forge.tar.bz2
  hash:
    md5: d7c89558ba9fa0495403155b64376d81
    sha256: fe51de6107f9edc7aa4f786a70f4a883943bc9d39b3bb7307c04c41410990726
  category: main
  optional: false
- name: _openmp_mutex
  version: '4.5'
  manager: conda
  platform: linux-64
  dependencies:
    _libgcc_mutex: '0.1'
    libgomp: '>=7.5.0'
  url: https://conda.anaconda.org/conda-forge/linux-64/_openmp_mutex-4.5-2_gnu.tar.bz2
  hash:
    md5: 73aaf86a425cc6e73fcf236a5a46396d
    sha256: fbe2c5e56a653bebb982eda4876a9178aedfc2b545f25d0ce9c4c0b508253d22
  category: main
  optional: false
- name: antlr-python-runtime
  version: 4.9.3
  manager: conda
  platform: linux-64
  dependencies:
    python: '>=3.6'
  url: https://conda.anaconda.org/conda-forge/noarch/antlr-python-runtime-4.9.3-pyhd8ed1ab_1.tar.bz2
  hash:
    md5: c88eaec8de9ae1fa161205aa18e7a5b1
    sha256: b91f8ab4ac2b48972fbee1fc8e092cc452fdf59156e4ff2322c94bbf73650f94
  category: main
  optional: false
- name: beautifulsoup4
  version: 4.12.3
  manager: conda
  platform: linux-64
  dependencies:
    python: '>=3.6'
    soupsieve: '>=1.2'
  url: https://conda.anaconda.org/conda-forge/noarch/beautifulsoup4-4.12.3-pyha770c72_0.conda
  hash:
    md5: 332493000404d8411859539a5a630865
    sha256: 7b05b2d0669029326c623b9df7a29fa49d1982a9e7e31b2fea34b4c9a4a72317
  category: main
  optional: false
- name: brotli-python
  version: 1.1.0
  manager: conda
  platform: linux-64
  dependencies:
    __glibc: '>=2.17,<3.0.a0'
    libgcc: '>=13'
    libstdcxx: '>=13'
    python: '>=3.12,<3.13.0a0'
    python_abi: 3.12.*
  url: https://conda.anaconda.org/conda-forge/linux-64/brotli-python-1.1.0-py312h2ec8cdc_2.conda
  hash:
    md5: b0b867af6fc74b2a0aa206da29c0f3cf
    sha256: f2a59ccd20b4816dea9a2a5cb917eb69728271dbf1aeab4e1b7e609330a50b6f
  category: main
  optional: false
- name: bzip2
  version: 1.0.8
  manager: conda
  platform: linux-64
  dependencies:
    __glibc: '>=2.17,<3.0.a0'
    libgcc-ng: '>=12'
  url: https://conda.anaconda.org/conda-forge/linux-64/bzip2-1.0.8-h4bc722e_7.conda
  hash:
    md5: 62ee74e96c5ebb0af99386de58cf9553
    sha256: 5ced96500d945fb286c9c838e54fa759aa04a7129c59800f0846b4335cee770d
  category: main
  optional: false
- name: ca-certificates
  version: 2024.8.30
  manager: conda
  platform: linux-64
  dependencies: {}
  url: https://conda.anaconda.org/conda-forge/linux-64/ca-certificates-2024.8.30-hbcca054_0.conda
  hash:
    md5: c27d1c142233b5bc9ca570c6e2e0c244
    sha256: afee721baa6d988e27fef1832f68d6f32ac8cc99cdf6015732224c2841a09cea
  category: main
  optional: false
- name: certifi
  version: 2024.8.30
  manager: conda
  platform: linux-64
  dependencies:
    python: '>=3.7'
  url: https://conda.anaconda.org/conda-forge/noarch/certifi-2024.8.30-pyhd8ed1ab_0.conda
  hash:
    md5: 12f7d00853807b0531775e9be891cb11
    sha256: 7020770df338c45ac6b560185956c32f0a5abf4b76179c037f115fc7d687819f
  category: main
  optional: false
- name: cffi
  version: 1.17.1
  manager: conda
  platform: linux-64
  dependencies:
    __glibc: '>=2.17,<3.0.a0'
    libffi: '>=3.4,<4.0a0'
    libgcc: '>=13'
    pycparser: ''
    python: '>=3.12,<3.13.0a0'
    python_abi: 3.12.*
  url: https://conda.anaconda.org/conda-forge/linux-64/cffi-1.17.1-py312h06ac9bb_0.conda
  hash:
    md5: a861504bbea4161a9170b85d4d2be840
    sha256: cba6ea83c4b0b4f5b5dc59cb19830519b28f95d7ebef7c9c5cf1c14843621457
  category: main
  optional: false
- name: charset-normalizer
  version: 3.4.0
  manager: conda
  platform: linux-64
  dependencies:
    python: '>=3.7'
  url: https://conda.anaconda.org/conda-forge/noarch/charset-normalizer-3.4.0-pyhd8ed1ab_0.conda
  hash:
    md5: a374efa97290b8799046df7c5ca17164
    sha256: 1873ac45ea61f95750cb0b4e5e675d1c5b3def937e80c7eebb19297f76810be8
  category: main
  optional: false
- name: codetiming
  version: 1.4.0
  manager: conda
  platform: linux-64
  dependencies:
    dataclasses: ''
    python: '>=3.6'
  url: https://conda.anaconda.org/conda-forge/noarch/codetiming-1.4.0-pyhd8ed1ab_0.tar.bz2
  hash:
    md5: a1f3168974155fc60367ef1a88e57569
    sha256: fe95abca179c43648fb36957d7dd5526c5e28ee04092e303e7b1778c9e964355
  category: main
  optional: false
- name: colorama
  version: 0.4.6
  manager: conda
  platform: linux-64
  dependencies:
    python: '>=3.7'
  url: https://conda.anaconda.org/conda-forge/noarch/colorama-0.4.6-pyhd8ed1ab_0.tar.bz2
  hash:
    md5: 3faab06a954c2a04039983f2c4a50d99
    sha256: 2c1b2e9755ce3102bca8d69e8f26e4f087ece73f50418186aee7c74bef8e1698
  category: main
  optional: false
- name: cpython
  version: 3.12.7
  manager: conda
  platform: linux-64
  dependencies:
    python: 3.12.7.*
    python_abi: '*'
  url: https://conda.anaconda.org/conda-forge/noarch/cpython-3.12.7-py312hd8ed1ab_0.conda
  hash:
    md5: f0d1309310498284ab13c9fd73db4781
    sha256: 9bbd08c83cc9c3142755b96dc5f3e0f0370d7afdb773c8285359b31e7ce96f0a
  category: main
  optional: false
- name: dataclasses
  version: '0.8'
  manager: conda
  platform: linux-64
  dependencies:
    python: '>=3.7'
  url: https://conda.anaconda.org/conda-forge/noarch/dataclasses-0.8-pyhc8e2a94_3.tar.bz2
  hash:
    md5: a362b2124b06aad102e2ee4581acee7d
    sha256: 63a83e62e0939bc1ab32de4ec736f6403084198c4639638b354a352113809c92
  category: main
  optional: false
- name: filelock
  version: 3.16.1
  manager: conda
  platform: linux-64
  dependencies:
    python: '>=3.7'
  url: https://conda.anaconda.org/conda-forge/noarch/filelock-3.16.1-pyhd8ed1ab_0.conda
  hash:
    md5: 916f8ec5dd4128cd5f207a3c4c07b2c6
    sha256: 1da766da9dba05091af87977922fe60dc7464091a9ccffb3765d403189d39be4
  category: main
  optional: false
- name: freetype
  version: 2.12.1
  manager: conda
  platform: linux-64
  dependencies:
    libgcc-ng: '>=12'
    libpng: '>=1.6.39,<1.7.0a0'
    libzlib: '>=1.2.13,<2.0.0a0'
  url: https://conda.anaconda.org/conda-forge/linux-64/freetype-2.12.1-h267a509_2.conda
  hash:
    md5: 9ae35c3d96db2c94ce0cef86efdfa2cb
    sha256: b2e3c449ec9d907dd4656cb0dc93e140f447175b125a3824b31368b06c666bb6
  category: main
  optional: false
- name: fsspec
  version: 2024.10.0
  manager: conda
  platform: linux-64
  dependencies:
    python: '>=3.8'
  url: https://conda.anaconda.org/conda-forge/noarch/fsspec-2024.10.0-pyhff2d567_0.conda
  hash:
    md5: 816dbc4679a64e4417cd1385d661bb31
    sha256: 40bb76981dd49d5869b48925a8975bb7bbe4e33e1e40af4ec06f6bf4a62effd7
  category: main
  optional: false
- name: gdown
  version: 5.2.0
  manager: conda
  platform: linux-64
  dependencies:
    beautifulsoup4: ''
    filelock: ''
    python: '>=3.8'
    requests: ''
    tqdm: ''
  url: https://conda.anaconda.org/conda-forge/noarch/gdown-5.2.0-pyhd8ed1ab_0.conda
  hash:
    md5: 29903392720ea0d6162b772ff97235c3
    sha256: 5a645ec883846558db8b6c3ea370602a7b2783e8c9d1c9b59f385a7f43f8f26c
  category: main
  optional: false
- name: gmp
  version: 6.3.0
  manager: conda
  platform: linux-64
  dependencies:
    libgcc-ng: '>=12'
    libstdcxx-ng: '>=12'
  url: https://conda.anaconda.org/conda-forge/linux-64/gmp-6.3.0-hac33072_2.conda
  hash:
    md5: c94a5994ef49749880a8139cf9afcbe1
    sha256: 309cf4f04fec0c31b6771a5809a1909b4b3154a2208f52351e1ada006f4c750c
  category: main
  optional: false
- name: gmpy2
  version: 2.1.5
  manager: conda
  platform: linux-64
  dependencies:
    __glibc: '>=2.17,<3.0.a0'
    gmp: '>=6.3.0,<7.0a0'
    libgcc: '>=13'
    mpc: '>=1.3.1,<2.0a0'
    mpfr: '>=4.2.1,<5.0a0'
    python: '>=3.12,<3.13.0a0'
    python_abi: 3.12.*
  url: https://conda.anaconda.org/conda-forge/linux-64/gmpy2-2.1.5-py312h7201bc8_2.conda
  hash:
    md5: af9faf103fb57241246416dc70b466f7
    sha256: 66665fbf074e9cc8975ba1a0c7d4fd378cea6efc7ba34f0da5a355a16dfb323a
  category: main
  optional: false
- name: googleapis-common-protos
  version: 1.66.0
  manager: conda
  platform: linux-64
  dependencies:
    protobuf: '>=3.20.2,<6.0.0.dev0,!=3.20.0,!=3.20.1,!=4.21.1,!=4.21.2,!=4.21.3,!=4.21.4,!=4.21.5'
    python: '>=3.9'
  url: https://conda.anaconda.org/conda-forge/noarch/googleapis-common-protos-1.66.0-pyhff2d567_0.conda
  hash:
    md5: 4861e30ff0cd566ea6fb4593e3b7c22a
    sha256: d8d19575a827f2c62500949b9536efdd6b5406c9f546a73b6a87ac90b03a5875
  category: main
  optional: false
- name: h2
  version: 4.1.0
  manager: conda
  platform: linux-64
  dependencies:
    hpack: '>=4.0,<5'
    hyperframe: '>=6.0,<7'
    python: '>=3.6.1'
  url: https://conda.anaconda.org/conda-forge/noarch/h2-4.1.0-pyhd8ed1ab_0.tar.bz2
  hash:
    md5: b748fbf7060927a6e82df7cb5ee8f097
    sha256: bfc6a23849953647f4e255c782e74a0e18fe16f7e25c7bb0bc57b83bb6762c7a
  category: main
  optional: false
- name: hpack
  version: 4.0.0
  manager: conda
  platform: linux-64
  dependencies:
    python: ''
  url: https://conda.anaconda.org/conda-forge/noarch/hpack-4.0.0-pyh9f0ad1d_0.tar.bz2
  hash:
    md5: 914d6646c4dbb1fd3ff539830a12fd71
    sha256: 5dec948932c4f740674b1afb551223ada0c55103f4c7bf86a110454da3d27cb8
  category: main
  optional: false
- name: hydra-core
  version: 1.3.2
  manager: conda
  platform: linux-64
  dependencies:
    antlr-python-runtime: 4.9.*
    importlib_resources: ''
    omegaconf: '>=2.2,<2.4'
    packaging: ''
    python: '>=3.6'
  url: https://conda.anaconda.org/conda-forge/noarch/hydra-core-1.3.2-pyhd8ed1ab_0.conda
  hash:
    md5: 297d09ccdcec5b347d44c88f2b61cf03
    sha256: 35044b4bb1059c4ed7d8392b776e663a390ad7a2bb6f7e2f09ecd5e9b5d40b75
  category: main
  optional: false
- name: hyperframe
  version: 6.0.1
  manager: conda
  platform: linux-64
  dependencies:
    python: '>=3.6'
  url: https://conda.anaconda.org/conda-forge/noarch/hyperframe-6.0.1-pyhd8ed1ab_0.tar.bz2
  hash:
    md5: 9f765cbfab6870c8435b9eefecd7a1f4
    sha256: e374a9d0f53149328134a8d86f5d72bca4c6dcebed3c0ecfa968c02996289330
  category: main
  optional: false
- name: idna
  version: '3.10'
  manager: conda
  platform: linux-64
  dependencies:
    python: '>=3.6'
  url: https://conda.anaconda.org/conda-forge/noarch/idna-3.10-pyhd8ed1ab_0.conda
  hash:
    md5: 7ba2ede0e7c795ff95088daf0dc59753
    sha256: 8c57fd68e6be5eecba4462e983aed7e85761a519aab80e834bbd7794d4b545b2
  category: main
  optional: false
- name: importlib_resources
  version: 6.4.5
  manager: conda
  platform: linux-64
  dependencies:
    python: '>=3.8'
    zipp: '>=3.1.0'
  url: https://conda.anaconda.org/conda-forge/noarch/importlib_resources-6.4.5-pyhd8ed1ab_0.conda
  hash:
    md5: c808991d29b9838fb4d96ce8267ec9ec
    sha256: 2cb9db3e40033c3df72d3defc678a012840378fd55a67e4351363d4b321a0dc1
  category: main
  optional: false
- name: jinja2
  version: 3.1.4
  manager: conda
  platform: linux-64
  dependencies:
    markupsafe: '>=2.0'
    python: '>=3.7'
  url: https://conda.anaconda.org/conda-forge/noarch/jinja2-3.1.4-pyhd8ed1ab_0.conda
  hash:
    md5: 7b86ecb7d3557821c649b3c31e3eb9f2
    sha256: 27380d870d42d00350d2d52598cddaf02f9505fb24be09488da0c9b8d1428f2d
  category: main
  optional: false
- name: lcms2
  version: '2.16'
  manager: conda
  platform: linux-64
  dependencies:
    libgcc-ng: '>=12'
    libjpeg-turbo: '>=3.0.0,<4.0a0'
    libtiff: '>=4.6.0,<4.8.0a0'
  url: https://conda.anaconda.org/conda-forge/linux-64/lcms2-2.16-hb7c19ff_0.conda
  hash:
    md5: 51bb7010fc86f70eee639b4bb7a894f5
    sha256: 5c878d104b461b7ef922abe6320711c0d01772f4cd55de18b674f88547870041
  category: main
  optional: false
- name: ld_impl_linux-64
  version: '2.43'
  manager: conda
  platform: linux-64
  dependencies:
    __glibc: '>=2.17,<3.0.a0'
  url: https://conda.anaconda.org/conda-forge/linux-64/ld_impl_linux-64-2.43-h712a8e2_2.conda
  hash:
    md5: 048b02e3962f066da18efe3a21b77672
    sha256: 7c91cea91b13f4314d125d1bedb9d03a29ebbd5080ccdea70260363424646dbe
  category: main
  optional: false
- name: lerc
  version: 4.0.0
  manager: conda
  platform: linux-64
  dependencies:
    libgcc-ng: '>=12'
    libstdcxx-ng: '>=12'
  url: https://conda.anaconda.org/conda-forge/linux-64/lerc-4.0.0-h27087fc_0.tar.bz2
  hash:
    md5: 76bbff344f0134279f225174e9064c8f
    sha256: cb55f36dcd898203927133280ae1dc643368af041a48bcf7c026acb7c47b0c12
  category: main
  optional: false
- name: libabseil
  version: '20240116.2'
  manager: conda
  platform: linux-64
  dependencies:
    __glibc: '>=2.17,<3.0.a0'
    libgcc-ng: '>=12'
    libstdcxx-ng: '>=12'
  url: https://conda.anaconda.org/conda-forge/linux-64/libabseil-20240116.2-cxx17_he02047a_1.conda
  hash:
    md5: c48fc56ec03229f294176923c3265c05
    sha256: 945396726cadae174a661ce006e3f74d71dbd719219faf7cc74696b267f7b0b5
  category: main
  optional: false
- name: libblas
  version: 3.9.0
  manager: conda
  platform: linux-64
  dependencies:
    libopenblas: '>=0.3.28,<1.0a0'
  url: https://conda.anaconda.org/conda-forge/linux-64/libblas-3.9.0-25_linux64_openblas.conda
  hash:
    md5: 8ea26d42ca88ec5258802715fe1ee10b
    sha256: d6d12dc437d060f838820e9e61bf73baab651f91935ac594cf10beb9ef1b4450
  category: main
  optional: false
- name: libcblas
  version: 3.9.0
  manager: conda
  platform: linux-64
  dependencies:
    libblas: 3.9.0
  url: https://conda.anaconda.org/conda-forge/linux-64/libcblas-3.9.0-25_linux64_openblas.conda
  hash:
    md5: 5dbd1b0fc0d01ec5e0e1fbe667281a11
    sha256: ab87b0477078837c91d9cda62a9faca18fba7c57cc77aa779ae24b3ac783b5dd
  category: main
  optional: false
- name: libdeflate
  version: '1.22'
  manager: conda
  platform: linux-64
  dependencies:
    __glibc: '>=2.17,<3.0.a0'
    libgcc: '>=13'
  url: https://conda.anaconda.org/conda-forge/linux-64/libdeflate-1.22-hb9d3cd8_0.conda
  hash:
    md5: b422943d5d772b7cc858b36ad2a92db5
    sha256: 780f0530a3adfc1497ba49d626931c6afc978c540e1abfde6ccd57128ded6ad6
  category: main
  optional: false
- name: libexpat
  version: 2.6.4
  manager: conda
  platform: linux-64
  dependencies:
    __glibc: '>=2.17,<3.0.a0'
    libgcc: '>=13'
  url: https://conda.anaconda.org/conda-forge/linux-64/libexpat-2.6.4-h5888daf_0.conda
  hash:
    md5: db833e03127376d461e1e13e76f09b6c
    sha256: 56541b98447b58e52d824bd59d6382d609e11de1f8adf20b23143e353d2b8d26
  category: main
  optional: false
- name: libffi
  version: 3.4.2
  manager: conda
  platform: linux-64
  dependencies:
    libgcc-ng: '>=9.4.0'
  url: https://conda.anaconda.org/conda-forge/linux-64/libffi-3.4.2-h7f98852_5.tar.bz2
  hash:
    md5: d645c6d2ac96843a2bfaccd2d62b3ac3
    sha256: ab6e9856c21709b7b517e940ae7028ae0737546122f83c2aa5d692860c3b149e
  category: main
  optional: false
- name: libgcc
  version: 14.2.0
  manager: conda
  platform: linux-64
  dependencies:
    _libgcc_mutex: '0.1'
    _openmp_mutex: '>=4.5'
  url: https://conda.anaconda.org/conda-forge/linux-64/libgcc-14.2.0-h77fa898_1.conda
  hash:
    md5: 3cb76c3f10d3bc7f1105b2fc9db984df
    sha256: 53eb8a79365e58849e7b1a068d31f4f9e718dc938d6f2c03e960345739a03569
  category: main
  optional: false
- name: libgcc-ng
  version: 14.2.0
  manager: conda
  platform: linux-64
  dependencies:
    libgcc: 14.2.0
  url: https://conda.anaconda.org/conda-forge/linux-64/libgcc-ng-14.2.0-h69a702a_1.conda
  hash:
    md5: e39480b9ca41323497b05492a63bc35b
    sha256: 3a76969c80e9af8b6e7a55090088bc41da4cffcde9e2c71b17f44d37b7cb87f7
  category: main
  optional: false
- name: libgfortran
  version: 14.2.0
  manager: conda
  platform: linux-64
  dependencies:
    libgfortran5: 14.2.0
  url: https://conda.anaconda.org/conda-forge/linux-64/libgfortran-14.2.0-h69a702a_1.conda
  hash:
    md5: f1fd30127802683586f768875127a987
    sha256: fc9e7f22a17faf74da904ebfc4d88699013d2992e55505e4aa0eb01770290977
  category: main
  optional: false
- name: libgfortran5
  version: 14.2.0
  manager: conda
  platform: linux-64
  dependencies:
    libgcc: '>=14.2.0'
  url: https://conda.anaconda.org/conda-forge/linux-64/libgfortran5-14.2.0-hd5240d6_1.conda
  hash:
    md5: 9822b874ea29af082e5d36098d25427d
    sha256: d149a37ca73611e425041f33b9d8dbed6e52ec506fe8cc1fc0ee054bddeb6d5d
  category: main
  optional: false
- name: libgomp
  version: 14.2.0
  manager: conda
  platform: linux-64
  dependencies:
    _libgcc_mutex: '0.1'
  url: https://conda.anaconda.org/conda-forge/linux-64/libgomp-14.2.0-h77fa898_1.conda
  hash:
    md5: cc3573974587f12dda90d96e3e55a702
    sha256: 1911c29975ec99b6b906904040c855772ccb265a1c79d5d75c8ceec4ed89cd63
  category: main
  optional: false
- name: libjpeg-turbo
  version: 3.0.0
  manager: conda
  platform: linux-64
  dependencies:
    libgcc-ng: '>=12'
  url: https://conda.anaconda.org/conda-forge/linux-64/libjpeg-turbo-3.0.0-hd590300_1.conda
  hash:
    md5: ea25936bb4080d843790b586850f82b8
    sha256: b954e09b7e49c2f2433d6f3bb73868eda5e378278b0f8c1dd10a7ef090e14f2f
  category: main
  optional: false
- name: liblapack
  version: 3.9.0
  manager: conda
  platform: linux-64
  dependencies:
    libblas: 3.9.0
  url: https://conda.anaconda.org/conda-forge/linux-64/liblapack-3.9.0-25_linux64_openblas.conda
  hash:
    md5: 4dc03a53fc69371a6158d0ed37214cd3
    sha256: 9d1ff017714edb2d84868f0f931a4a0e7c289a971062b2ac66cfc8145df7e20e
  category: main
  optional: false
- name: libnsl
  version: 2.0.1
  manager: conda
  platform: linux-64
  dependencies:
    libgcc-ng: '>=12'
  url: https://conda.anaconda.org/conda-forge/linux-64/libnsl-2.0.1-hd590300_0.conda
  hash:
    md5: 30fd6e37fe21f86f4bd26d6ee73eeec7
    sha256: 26d77a3bb4dceeedc2a41bd688564fe71bf2d149fdcf117049970bc02ff1add6
  category: main
  optional: false
- name: libopenblas
  version: 0.3.28
  manager: conda
  platform: linux-64
  dependencies:
    __glibc: '>=2.17,<3.0.a0'
    libgcc: '>=14'
    libgfortran: ''
    libgfortran5: '>=14.2.0'
  url: https://conda.anaconda.org/conda-forge/linux-64/libopenblas-0.3.28-pthreads_h94d23a6_1.conda
  hash:
    md5: 62857b389e42b36b686331bec0922050
    sha256: 99ba271d8a80a1af2723f2e124ffd91d850074c0389c067e6d96d72a2dbfeabe
  category: main
  optional: false
- name: libpng
  version: 1.6.44
  manager: conda
  platform: linux-64
  dependencies:
    __glibc: '>=2.17,<3.0.a0'
    libgcc: '>=13'
    libzlib: '>=1.3.1,<2.0a0'
  url: https://conda.anaconda.org/conda-forge/linux-64/libpng-1.6.44-hadc24fc_0.conda
  hash:
    md5: f4cc49d7aa68316213e4b12be35308d1
    sha256: e5b14f7a01c2db4362d8591f42f82f336ed48d5e4079e4d1f65d0c2a3637ea78
  category: main
  optional: false
- name: libprotobuf
  version: 4.25.3
  manager: conda
  platform: linux-64
  dependencies:
    __glibc: '>=2.17,<3.0.a0'
    libabseil: '>=20240116.2,<20240117.0a0'
    libgcc: '>=13'
    libstdcxx: '>=13'
    libzlib: '>=1.3.1,<2.0a0'
  url: https://conda.anaconda.org/conda-forge/linux-64/libprotobuf-4.25.3-hd5b35b9_1.conda
  hash:
    md5: 06def97690ef90781a91b786cb48a0a9
    sha256: 8b5e4e31ed93bf36fd14e9cf10cd3af78bb9184d0f1f87878b8d28c0374aa4dc
  category: main
  optional: false
- name: libsqlite
  version: 3.47.0
  manager: conda
  platform: linux-64
  dependencies:
    __glibc: '>=2.17,<3.0.a0'
    libgcc: '>=13'
    libzlib: '>=1.3.1,<2.0a0'
  url: https://conda.anaconda.org/conda-forge/linux-64/libsqlite-3.47.0-hadc24fc_1.conda
  hash:
    md5: b6f02b52a174e612e89548f4663ce56a
    sha256: 8a9aadf996a2399f65b679c6e7f29139d5059f699c63e6d7b50e20db10c00508
  category: main
  optional: false
- name: libstdcxx
  version: 14.2.0
  manager: conda
  platform: linux-64
  dependencies:
    libgcc: 14.2.0
  url: https://conda.anaconda.org/conda-forge/linux-64/libstdcxx-14.2.0-hc0a3c3a_1.conda
  hash:
    md5: 234a5554c53625688d51062645337328
    sha256: 4661af0eb9bdcbb5fb33e5d0023b001ad4be828fccdcc56500059d56f9869462
  category: main
  optional: false
- name: libstdcxx-ng
  version: 14.2.0
  manager: conda
  platform: linux-64
  dependencies:
    libstdcxx: 14.2.0
  url: https://conda.anaconda.org/conda-forge/linux-64/libstdcxx-ng-14.2.0-h4852527_1.conda
  hash:
    md5: 8371ac6457591af2cf6159439c1fd051
    sha256: 25bb30b827d4f6d6f0522cc0579e431695503822f144043b93c50237017fffd8
  category: main
  optional: false
- name: libtiff
  version: 4.7.0
  manager: conda
  platform: linux-64
  dependencies:
    __glibc: '>=2.17,<3.0.a0'
    lerc: '>=4.0.0,<5.0a0'
    libdeflate: '>=1.22,<1.23.0a0'
    libgcc: '>=13'
    libjpeg-turbo: '>=3.0.0,<4.0a0'
    libstdcxx: '>=13'
    libwebp-base: '>=1.4.0,<2.0a0'
    libzlib: '>=1.3.1,<2.0a0'
    xz: '>=5.2.6,<6.0a0'
    zstd: '>=1.5.6,<1.6.0a0'
  url: https://conda.anaconda.org/conda-forge/linux-64/libtiff-4.7.0-he137b08_1.conda
  hash:
    md5: 63872517c98aa305da58a757c443698e
    sha256: 9890121db85f6ef463fe12eb04ef1471176e3ef3b5e2d62e8d6dac713df00df4
  category: main
  optional: false
- name: libtorch
  version: 2.3.1
  manager: conda
  platform: linux-64
  dependencies:
    __glibc: '>=2.17,<3.0.a0'
    _openmp_mutex: '>=4.5'
    libabseil: '>=20240116.2,<20240117.0a0'
    libcblas: '>=3.9.0,<4.0a0'
    libgcc-ng: '>=12'
    liblapack: '>=3.9.0,<4.0a0'
    libprotobuf: '>=4.25.3,<4.25.4.0a0'
    libstdcxx-ng: '>=12'
    libuv: '>=1.48.0,<2.0a0'
    sleef: '>=3.5.1,<4.0a0'
  url: https://conda.anaconda.org/conda-forge/linux-64/libtorch-2.3.1-cpu_generic_h970db74_0.conda
  hash:
    md5: ed9a1c4ac5fadbde537a8992d22c9bea
    sha256: 945bf1e245566743d88934d52ba5fd50e4d30db80b44266b450491776e02200f
  category: main
  optional: false
- name: libuuid
  version: 2.38.1
  manager: conda
  platform: linux-64
  dependencies:
    libgcc-ng: '>=12'
  url: https://conda.anaconda.org/conda-forge/linux-64/libuuid-2.38.1-h0b41bf4_0.conda
  hash:
    md5: 40b61aab5c7ba9ff276c41cfffe6b80b
    sha256: 787eb542f055a2b3de553614b25f09eefb0a0931b0c87dbcce6efdfd92f04f18
  category: main
  optional: false
- name: libuv
  version: 1.49.2
  manager: conda
  platform: linux-64
  dependencies:
    __glibc: '>=2.17,<3.0.a0'
    libgcc: '>=13'
  url: https://conda.anaconda.org/conda-forge/linux-64/libuv-1.49.2-hb9d3cd8_0.conda
  hash:
    md5: 070e3c9ddab77e38799d5c30b109c633
    sha256: a35cd81cd1a9add11024097da83cc06b0aae83186fe4124b77710876f37d8f31
  category: main
  optional: false
- name: libwebp-base
  version: 1.4.0
  manager: conda
  platform: linux-64
  dependencies:
    libgcc-ng: '>=12'
  url: https://conda.anaconda.org/conda-forge/linux-64/libwebp-base-1.4.0-hd590300_0.conda
  hash:
    md5: b26e8aa824079e1be0294e7152ca4559
    sha256: 49bc5f6b1e11cb2babf2a2a731d1a680a5e08a858280876a779dbda06c78c35f
  category: main
  optional: false
- name: libxcb
  version: 1.17.0
  manager: conda
  platform: linux-64
  dependencies:
    __glibc: '>=2.17,<3.0.a0'
    libgcc: '>=13'
    pthread-stubs: ''
    xorg-libxau: '>=1.0.11,<2.0a0'
    xorg-libxdmcp: ''
  url: https://conda.anaconda.org/conda-forge/linux-64/libxcb-1.17.0-h8a09558_0.conda
  hash:
    md5: 92ed62436b625154323d40d5f2f11dd7
    sha256: 666c0c431b23c6cec6e492840b176dde533d48b7e6fb8883f5071223433776aa
  category: main
  optional: false
- name: libxcrypt
  version: 4.4.36
  manager: conda
  platform: linux-64
  dependencies:
    libgcc-ng: '>=12'
  url: https://conda.anaconda.org/conda-forge/linux-64/libxcrypt-4.4.36-hd590300_1.conda
  hash:
    md5: 5aa797f8787fe7a17d1b0821485b5adc
    sha256: 6ae68e0b86423ef188196fff6207ed0c8195dd84273cb5623b85aa08033a410c
  category: main
  optional: false
- name: libzlib
  version: 1.3.1
  manager: conda
  platform: linux-64
  dependencies:
    __glibc: '>=2.17,<3.0.a0'
    libgcc: '>=13'
  url: https://conda.anaconda.org/conda-forge/linux-64/libzlib-1.3.1-hb9d3cd8_2.conda
  hash:
    md5: edb0dca6bc32e4f4789199455a1dbeb8
    sha256: d4bfe88d7cb447768e31650f06257995601f89076080e76df55e3112d4e47dc4
  category: main
  optional: false
- name: markupsafe
  version: 3.0.2
  manager: conda
  platform: linux-64
  dependencies:
    __glibc: '>=2.17,<3.0.a0'
    libgcc: '>=13'
    python: '>=3.12,<3.13.0a0'
    python_abi: 3.12.*
  url: https://conda.anaconda.org/conda-forge/linux-64/markupsafe-3.0.2-py312h178313f_0.conda
  hash:
    md5: a755704ea0e2503f8c227d84829a8e81
    sha256: 15f14ab429c846aacd47fada0dc4f341d64491e097782830f0906d00cb7b48b6
  category: main
  optional: false
- name: mpc
  version: 1.3.1
  manager: conda
  platform: linux-64
  dependencies:
    __glibc: '>=2.17,<3.0.a0'
    gmp: '>=6.3.0,<7.0a0'
    libgcc: '>=13'
    mpfr: '>=4.2.1,<5.0a0'
  url: https://conda.anaconda.org/conda-forge/linux-64/mpc-1.3.1-h24ddda3_1.conda
  hash:
    md5: aa14b9a5196a6d8dd364164b7ce56acf
    sha256: 1bf794ddf2c8b3a3e14ae182577c624fa92dea975537accff4bc7e5fea085212
  category: main
  optional: false
- name: mpfr
  version: 4.2.1
  manager: conda
  platform: linux-64
  dependencies:
    __glibc: '>=2.17,<3.0.a0'
    gmp: '>=6.3.0,<7.0a0'
    libgcc: '>=13'
  url: https://conda.anaconda.org/conda-forge/linux-64/mpfr-4.2.1-h90cbb55_3.conda
  hash:
    md5: 2eeb50cab6652538eee8fc0bc3340c81
    sha256: f25d2474dd557ca66c6231c8f5ace5af312efde1ba8290a6ea5e1732a4e669c0
  category: main
  optional: false
- name: mpmath
  version: 1.3.0
  manager: conda
  platform: linux-64
  dependencies:
    python: '>=3.6'
  url: https://conda.anaconda.org/conda-forge/noarch/mpmath-1.3.0-pyhd8ed1ab_0.conda
  hash:
    md5: dbf6e2d89137da32fa6670f3bffc024e
    sha256: a4f025c712ec1502a55c471b56a640eaeebfce38dd497d5a1a33729014cac47a
  category: main
  optional: false
- name: ncurses
  version: '6.5'
  manager: conda
  platform: linux-64
  dependencies:
    __glibc: '>=2.17,<3.0.a0'
    libgcc-ng: '>=12'
  url: https://conda.anaconda.org/conda-forge/linux-64/ncurses-6.5-he02047a_1.conda
  hash:
    md5: 70caf8bb6cf39a0b6b7efc885f51c0fe
    sha256: 6a1d5d8634c1a07913f1c525db6455918cbc589d745fac46d9d6e30340c8731a
  category: main
  optional: false
- name: networkx
  version: 3.4.2
  manager: conda
  platform: linux-64
  dependencies:
    python: ''
  url: https://conda.anaconda.org/conda-forge/noarch/networkx-3.4.2-pyh267e887_2.conda
  hash:
    md5: fd40bf7f7f4bc4b647dc8512053d9873
    sha256: 39625cd0c9747fa5c46a9a90683b8997d8b9649881b3dc88336b13b7bdd60117
  category: main
  optional: false
- name: nomkl
  version: '1.0'
  manager: conda
  platform: linux-64
  dependencies: {}
  url: https://conda.anaconda.org/conda-forge/noarch/nomkl-1.0-h5ca1d4c_0.tar.bz2
  hash:
    md5: 9a66894dfd07c4510beb6b3f9672ccc0
    sha256: d38542a151a90417065c1a234866f97fd1ea82a81de75ecb725955ab78f88b4b
  category: main
  optional: false
- name: numpy
  version: 2.1.3
  manager: conda
  platform: linux-64
  dependencies:
    __glibc: '>=2.17,<3.0.a0'
    libblas: '>=3.9.0,<4.0a0'
    libcblas: '>=3.9.0,<4.0a0'
    libgcc: '>=13'
    liblapack: '>=3.9.0,<4.0a0'
    libstdcxx: '>=13'
    python: '>=3.12,<3.13.0a0'
    python_abi: 3.12.*
  url: https://conda.anaconda.org/conda-forge/linux-64/numpy-2.1.3-py312h58c1407_0.conda
  hash:
    md5: dfdbc12e6d81889ba4c494a23f23eba8
    sha256: e4c14f71588a5627a6935d3e7d9ca78a8387229ec8ebc91616b0988ce57ba0dc
  category: main
  optional: false
- name: omegaconf
  version: 2.3.0
  manager: conda
  platform: linux-64
  dependencies:
    antlr-python-runtime: 4.9.*
    python: '>=3.7'
    pyyaml: '>=5.1.0'
    typing_extensions: ''
  url: https://conda.anaconda.org/conda-forge/noarch/omegaconf-2.3.0-pyhd8ed1ab_0.conda
  hash:
    md5: 23cc056834cab53849b91f78d6ee3ea0
    sha256: df806841be847e5287b22b6ae7f380874f81ea51f1b51ae14a570f3385c7b133
  category: main
  optional: false
- name: openjpeg
  version: 2.5.2
  manager: conda
  platform: linux-64
  dependencies:
    libgcc-ng: '>=12'
    libpng: '>=1.6.43,<1.7.0a0'
    libstdcxx-ng: '>=12'
    libtiff: '>=4.6.0,<4.8.0a0'
    libzlib: '>=1.2.13,<2.0.0a0'
  url: https://conda.anaconda.org/conda-forge/linux-64/openjpeg-2.5.2-h488ebb8_0.conda
  hash:
    md5: 7f2e286780f072ed750df46dc2631138
    sha256: 5600a0b82df042bd27d01e4e687187411561dfc11cc05143a08ce29b64bf2af2
  category: main
  optional: false
- name: openssl
  version: 3.4.0
  manager: conda
  platform: linux-64
  dependencies:
    __glibc: '>=2.17,<3.0.a0'
    ca-certificates: ''
    libgcc: '>=13'
  url: https://conda.anaconda.org/conda-forge/linux-64/openssl-3.4.0-hb9d3cd8_0.conda
  hash:
    md5: 23cc74f77eb99315c0360ec3533147a9
    sha256: 814b9dff1847b132c676ee6cc1a8cb2d427320779b93e1b6d76552275c128705
  category: main
  optional: false
- name: packaging
  version: '24.2'
  manager: conda
  platform: linux-64
  dependencies:
    python: '>=3.8'
  url: https://conda.anaconda.org/conda-forge/noarch/packaging-24.2-pyhd8ed1ab_0.conda
  hash:
    md5: c16469afe1ec91aaafcf4bea966c0465
    sha256: 0f8273bf66c2a5c1de72312a509deae07f163bb0ae8de8273c52e6fe945a0850
  category: main
  optional: false
- name: pillow
  version: 11.0.0
  manager: conda
  platform: linux-64
  dependencies:
    __glibc: '>=2.17,<3.0.a0'
    freetype: '>=2.12.1,<3.0a0'
    lcms2: '>=2.16,<3.0a0'
    libgcc: '>=13'
    libjpeg-turbo: '>=3.0.0,<4.0a0'
    libtiff: '>=4.7.0,<4.8.0a0'
    libwebp-base: '>=1.4.0,<2.0a0'
    libxcb: '>=1.17.0,<2.0a0'
    libzlib: '>=1.3.1,<2.0a0'
    openjpeg: '>=2.5.2,<3.0a0'
    python: '>=3.12,<3.13.0a0'
    python_abi: 3.12.*
    tk: '>=8.6.13,<8.7.0a0'
  url: https://conda.anaconda.org/conda-forge/linux-64/pillow-11.0.0-py312h7b63e92_0.conda
  hash:
    md5: 385f46a4df6f97892503a841121a9acf
    sha256: 13a464bea02c0df0199c20ef6bad24a6bc336aaf55bf8d6a133d0fe664463224
  category: main
  optional: false
- name: pip
  version: 24.3.1
  manager: conda
  platform: linux-64
  dependencies:
    python: '>=3.8,<3.13.0a0'
    setuptools: ''
    wheel: ''
  url: https://conda.anaconda.org/conda-forge/noarch/pip-24.3.1-pyh8b19718_0.conda
  hash:
    md5: 5dd546fe99b44fda83963d15f84263b7
    sha256: 499313e72e20225f84c2e9690bbaf5b952c8d7e0bf34b728278538f766b81628
  category: main
  optional: false
- name: protobuf
  version: 4.25.3
  manager: conda
  platform: linux-64
  dependencies:
    __glibc: '>=2.17,<3.0.a0'
    libabseil: '>=20240116.2,<20240117.0a0'
    libgcc: '>=13'
    libprotobuf: '>=4.25.3,<4.25.4.0a0'
    libstdcxx: '>=13'
    python: '>=3.12,<3.13.0a0'
    python_abi: 3.12.*
    setuptools: ''
  url: https://conda.anaconda.org/conda-forge/linux-64/protobuf-4.25.3-py312h83439f5_1.conda
  hash:
    md5: 7bbcc35ebf7e3d8c59e472f1bf0e65fc
    sha256: 30d212eca5e25d0b0260dd0fff18f917386bfe046e425d627847aaed642a0aa4
  category: main
  optional: false
- name: pthread-stubs
  version: '0.4'
  manager: conda
  platform: linux-64
  dependencies:
    __glibc: '>=2.17,<3.0.a0'
    libgcc: '>=13'
  url: https://conda.anaconda.org/conda-forge/linux-64/pthread-stubs-0.4-hb9d3cd8_1002.conda
  hash:
    md5: b3c17d95b5a10c6e64a21fa17573e70e
    sha256: 9c88f8c64590e9567c6c80823f0328e58d3b1efb0e1c539c0315ceca764e0973
  category: main
  optional: false
- name: pycparser
  version: '2.22'
  manager: conda
  platform: linux-64
  dependencies:
    python: '>=3.8'
  url: https://conda.anaconda.org/conda-forge/noarch/pycparser-2.22-pyhd8ed1ab_0.conda
  hash:
    md5: 844d9eb3b43095b031874477f7d70088
    sha256: 406001ebf017688b1a1554b49127ca3a4ac4626ec0fd51dc75ffa4415b720b64
  category: main
  optional: false
- name: pysocks
  version: 1.7.1
  manager: conda
  platform: linux-64
  dependencies:
    __unix: ''
    python: '>=3.8'
  url: https://conda.anaconda.org/conda-forge/noarch/pysocks-1.7.1-pyha2e5f31_6.tar.bz2
  hash:
    md5: 2a7de29fb590ca14b5243c4c812c8025
    sha256: a42f826e958a8d22e65b3394f437af7332610e43ee313393d1cf143f0a2d274b
  category: main
  optional: false
- name: python
  version: 3.12.7
  manager: conda
  platform: linux-64
  dependencies:
    __glibc: '>=2.17,<3.0.a0'
    bzip2: '>=1.0.8,<2.0a0'
    ld_impl_linux-64: '>=2.36.1'
    libexpat: '>=2.6.3,<3.0a0'
    libffi: '>=3.4,<4.0a0'
    libgcc: '>=13'
    libnsl: '>=2.0.1,<2.1.0a0'
    libsqlite: '>=3.46.1,<4.0a0'
    libuuid: '>=2.38.1,<3.0a0'
    libxcrypt: '>=4.4.36'
    libzlib: '>=1.3.1,<2.0a0'
    ncurses: '>=6.5,<7.0a0'
    openssl: '>=3.3.2,<4.0a0'
    readline: '>=8.2,<9.0a0'
    tk: '>=8.6.13,<8.7.0a0'
    tzdata: ''
    xz: '>=5.2.6,<6.0a0'
  url: https://conda.anaconda.org/conda-forge/linux-64/python-3.12.7-hc5c86c4_0_cpython.conda
  hash:
    md5: 0515111a9cdf69f83278f7c197db9807
    sha256: 674be31ff152d9f0e0fe16959a45e3803a730fc4f54d87df6a9ac4e6a698c41d
  category: main
  optional: false
- name: python-json-logger
  version: 2.0.7
  manager: conda
  platform: linux-64
  dependencies:
    python: '>=3.6'
  url: https://conda.anaconda.org/conda-forge/noarch/python-json-logger-2.0.7-pyhd8ed1ab_0.conda
  hash:
    md5: a61bf9ec79426938ff785eb69dbb1960
    sha256: 4790787fe1f4e8da616edca4acf6a4f8ed4e7c6967aa31b920208fc8f95efcca
  category: main
  optional: false
- name: python_abi
  version: '3.12'
  manager: conda
  platform: linux-64
  dependencies: {}
  url: https://conda.anaconda.org/conda-forge/linux-64/python_abi-3.12-5_cp312.conda
  hash:
    md5: 0424ae29b104430108f5218a66db7260
    sha256: d10e93d759931ffb6372b45d65ff34d95c6000c61a07e298d162a3bc2accebb0
  category: main
  optional: false
- name: pytorch
  version: 2.3.1
  manager: conda
  platform: linux-64
  dependencies:
    __glibc: '>=2.17,<3.0.a0'
    _openmp_mutex: '>=4.5'
    filelock: ''
    fsspec: ''
    jinja2: ''
    libabseil: '>=20240116.2,<20240117.0a0'
    libcblas: '>=3.9.0,<4.0a0'
    libgcc-ng: '>=12'
    liblapack: '>=3.9.0,<4.0a0'
    libprotobuf: '>=4.25.3,<4.25.4.0a0'
    libstdcxx-ng: '>=12'
    libtorch: 2.3.1.*
    libuv: '>=1.48.0,<2.0a0'
    networkx: ''
    nomkl: ''
    numpy: '>=1.19,<3'
    python: '>=3.12,<3.13.0a0'
    python_abi: 3.12.*
    sleef: '>=3.5.1,<4.0a0'
    sympy: ''
    typing_extensions: ''
  url: https://conda.anaconda.org/conda-forge/linux-64/pytorch-2.3.1-cpu_generic_py312h2f1fc2b_0.conda
  hash:
    md5: 9fe5c6acaa17a9d4d9dc656fa20a832a
    sha256: db6ed4ff85005f35fc04f957a969bf6fcc849c850247a736ce7f78aeb402406a
  category: main
  optional: false
- name: pytorch-cpu
  version: 2.3.1
  manager: conda
  platform: linux-64
  dependencies:
    pytorch: 2.3.1
  url: https://conda.anaconda.org/conda-forge/linux-64/pytorch-cpu-2.3.1-cpu_generic_py312hec17782_0.conda
  hash:
    md5: 041c9b552e95d2abc6f0b6b2e607cd47
    sha256: 7ef70c9ff2793f8e4c27c243f6f6082be12dfb1a283e21fa62d8a7e34f6bfb02
  category: main
  optional: false
- name: pyyaml
  version: 6.0.2
  manager: conda
  platform: linux-64
  dependencies:
    __glibc: '>=2.17,<3.0.a0'
    libgcc: '>=13'
    python: '>=3.12,<3.13.0a0'
    python_abi: 3.12.*
    yaml: '>=0.2.5,<0.3.0a0'
  url: https://conda.anaconda.org/conda-forge/linux-64/pyyaml-6.0.2-py312h66e93f0_1.conda
  hash:
    md5: 549e5930e768548a89c23f595dac5a95
    sha256: a60705971e958724168f2ebbb8ed4853067f1d3f7059843df3903e3092bbcffa
  category: main
  optional: false
- name: readline
  version: '8.2'
  manager: conda
  platform: linux-64
  dependencies:
    libgcc-ng: '>=12'
    ncurses: '>=6.3,<7.0a0'
  url: https://conda.anaconda.org/conda-forge/linux-64/readline-8.2-h8228510_1.conda
  hash:
    md5: 47d31b792659ce70f470b5c82fdfb7a4
    sha256: 5435cf39d039387fbdc977b0a762357ea909a7694d9528ab40f005e9208744d7
  category: main
  optional: false
- name: requests
  version: 2.32.3
  manager: conda
  platform: linux-64
  dependencies:
    certifi: '>=2017.4.17'
    charset-normalizer: '>=2,<4'
    idna: '>=2.5,<4'
    python: '>=3.8'
    urllib3: '>=1.21.1,<3'
  url: https://conda.anaconda.org/conda-forge/noarch/requests-2.32.3-pyhd8ed1ab_0.conda
  hash:
    md5: 5ede4753180c7a550a443c430dc8ab52
    sha256: 5845ffe82a6fa4d437a2eae1e32a1ad308d7ad349f61e337c0a890fe04c513cc
  category: main
  optional: false
- name: setuptools
  version: 75.5.0
  manager: conda
  platform: linux-64
  dependencies:
    python: '>=3.9'
  url: https://conda.anaconda.org/conda-forge/noarch/setuptools-75.5.0-pyhff2d567_0.conda
  hash:
    md5: ade63405adb52eeff89d506cd55908c0
    sha256: 54dcf5f09f74f69641e0063bc695b38340d0349fa8371b1f2ed0c45c5b2fd224
  category: main
  optional: false
- name: sleef
  version: '3.7'
  manager: conda
  platform: linux-64
  dependencies:
    __glibc: '>=2.17,<3.0.a0'
    _openmp_mutex: '>=4.5'
    libgcc: '>=13'
    libstdcxx: '>=13'
  url: https://conda.anaconda.org/conda-forge/linux-64/sleef-3.7-h1b44611_2.conda
  hash:
    md5: 4792f3259c6fdc0b730563a85b211dc0
    sha256: 38ad951d30052522693d21b247105744c7c6fb7cefcf41edca36f0688322e76d
  category: main
  optional: false
- name: soupsieve
  version: '2.5'
  manager: conda
  platform: linux-64
  dependencies:
    python: '>=3.8'
  url: https://conda.anaconda.org/conda-forge/noarch/soupsieve-2.5-pyhd8ed1ab_1.conda
  hash:
    md5: 3f144b2c34f8cb5a9abd9ed23a39c561
    sha256: 54ae221033db8fbcd4998ccb07f3c3828b4d77e73b0c72b18c1d6a507059059c
  category: main
  optional: false
- name: sympy
  version: 1.13.3
  manager: conda
  platform: linux-64
  dependencies:
    __unix: ''
    cpython: ''
    gmpy2: '>=2.0.8'
    mpmath: '>=0.19'
    python: '>=3.8'
  url: https://conda.anaconda.org/conda-forge/noarch/sympy-1.13.3-pyh2585a3b_104.conda
  hash:
    md5: 68085d736d2b2f54498832b65059875d
    sha256: 35b2620d109c8a01a301222b4f546690316b7ed61d5c0325ec4a317fa27ea8d7
  category: main
  optional: false
- name: tk
  version: 8.6.13
  manager: conda
  platform: linux-64
  dependencies:
    libgcc-ng: '>=12'
    libzlib: '>=1.2.13,<2.0.0a0'
  url: https://conda.anaconda.org/conda-forge/linux-64/tk-8.6.13-noxft_h4845f30_101.conda
  hash:
    md5: d453b98d9c83e71da0741bb0ff4d76bc
    sha256: e0569c9caa68bf476bead1bed3d79650bb080b532c64a4af7d8ca286c08dea4e
  category: main
  optional: false
- name: torchvision
  version: 0.18.1
  manager: conda
  platform: linux-64
  dependencies:
    __glibc: '>=2.17,<3.0.a0'
    libgcc-ng: '>=12'
    libjpeg-turbo: '>=3.0.0,<4.0a0'
    libpng: '>=1.6.43,<1.7.0a0'
    libstdcxx-ng: '>=12'
    libtorch: '>=2.3.0,<2.4.0a0'
    numpy: '>=1.19,<3'
    pillow: '>=5.3.0,!=8.3.0,!=8.3.1'
    python: '>=3.12,<3.13.0a0'
    python_abi: 3.12.*
    pytorch: '>=2.3.0,<2.4.0a0'
    requests: ''
  url: https://conda.anaconda.org/conda-forge/linux-64/torchvision-0.18.1-cpu_py312h2a46218_1.conda
  hash:
    md5: ed6ed762dad4ff7965080448eef97e08
    sha256: bca4f11d9672013c72f33fe30c03bd162c51678375235e3ec6bd05c97a828414
  category: main
  optional: false
- name: tqdm
  version: 4.67.0
  manager: conda
  platform: linux-64
  dependencies:
    colorama: ''
    python: '>=3.7'
  url: https://conda.anaconda.org/conda-forge/noarch/tqdm-4.67.0-pyhd8ed1ab_0.conda
  hash:
    md5: 196a9e6ab4e036ceafa516ea036619b0
    sha256: fb25b18cec1ebae56e7d7ebbd3e504f063b61a0fac17b1ca798fcaf205bdc874
  category: main
  optional: false
- name: typing_extensions
  version: 4.12.2
  manager: conda
  platform: linux-64
  dependencies:
    python: '>=3.8'
  url: https://conda.anaconda.org/conda-forge/noarch/typing_extensions-4.12.2-pyha770c72_0.conda
  hash:
    md5: ebe6952715e1d5eb567eeebf25250fa7
    sha256: 0fce54f8ec3e59f5ef3bb7641863be4e1bf1279623e5af3d3fa726e8f7628ddb
  category: main
  optional: false
- name: tzdata
  version: 2024b
  manager: conda
  platform: linux-64
  dependencies: {}
  url: https://conda.anaconda.org/conda-forge/noarch/tzdata-2024b-hc8b5060_0.conda
  hash:
    md5: 8ac3367aafb1cc0a068483c580af8015
    sha256: 4fde5c3008bf5d2db82f2b50204464314cc3c91c1d953652f7bd01d9e52aefdf
  category: main
  optional: false
- name: urllib3
  version: 2.2.3
  manager: conda
  platform: linux-64
  dependencies:
    brotli-python: '>=1.0.9'
    h2: '>=4,<5'
    pysocks: '>=1.5.6,<2.0,!=1.5.7'
    python: '>=3.8'
    zstandard: '>=0.18.0'
  url: https://conda.anaconda.org/conda-forge/noarch/urllib3-2.2.3-pyhd8ed1ab_0.conda
  hash:
    md5: 6b55867f385dd762ed99ea687af32a69
    sha256: b6bb34ce41cd93956ad6eeee275ed52390fb3788d6c75e753172ea7ac60b66e5
  category: main
  optional: false
- name: wheel
  version: 0.45.0
  manager: conda
  platform: linux-64
  dependencies:
    python: '>=3.8'
  url: https://conda.anaconda.org/conda-forge/noarch/wheel-0.45.0-pyhd8ed1ab_0.conda
  hash:
    md5: f9751d7c71df27b2d29f5cab3378982e
    sha256: 8a51067f8e1a2cb0b5e89672dbcc0369e344a92e869c38b2946584aa09ab7088
  category: main
  optional: false
- name: xorg-libxau
  version: 1.0.11
  manager: conda
  platform: linux-64
  dependencies:
    __glibc: '>=2.17,<3.0.a0'
    libgcc: '>=13'
  url: https://conda.anaconda.org/conda-forge/linux-64/xorg-libxau-1.0.11-hb9d3cd8_1.conda
  hash:
    md5: 77cbc488235ebbaab2b6e912d3934bae
    sha256: 532a046fee0b3a402db867b6ec55c84ba4cdedb91d817147c8feeae9766be3d6
  category: main
  optional: false
- name: xorg-libxdmcp
  version: 1.1.5
  manager: conda
  platform: linux-64
  dependencies:
    __glibc: '>=2.17,<3.0.a0'
    libgcc: '>=13'
  url: https://conda.anaconda.org/conda-forge/linux-64/xorg-libxdmcp-1.1.5-hb9d3cd8_0.conda
  hash:
    md5: 8035c64cb77ed555e3f150b7b3972480
    sha256: 6b250f3e59db07c2514057944a3ea2044d6a8cdde8a47b6497c254520fade1ee
  category: main
  optional: false
- name: xz
  version: 5.2.6
  manager: conda
  platform: linux-64
  dependencies:
    libgcc-ng: '>=12'
  url: https://conda.anaconda.org/conda-forge/linux-64/xz-5.2.6-h166bdaf_0.tar.bz2
  hash:
    md5: 2161070d867d1b1204ea749c8eec4ef0
    sha256: 03a6d28ded42af8a347345f82f3eebdd6807a08526d47899a42d62d319609162
  category: main
  optional: false
- name: yaml
  version: 0.2.5
  manager: conda
  platform: linux-64
  dependencies:
    libgcc-ng: '>=9.4.0'
  url: https://conda.anaconda.org/conda-forge/linux-64/yaml-0.2.5-h7f98852_2.tar.bz2
  hash:
    md5: 4cb3ad778ec2d5a7acbdf254eb1c42ae
    sha256: a4e34c710eeb26945bdbdaba82d3d74f60a78f54a874ec10d373811a5d217535
  category: main
  optional: false
- name: zipp
  version: 3.21.0
  manager: conda
  platform: linux-64
  dependencies:
    python: '>=3.8'
  url: https://conda.anaconda.org/conda-forge/noarch/zipp-3.21.0-pyhd8ed1ab_0.conda
  hash:
    md5: fee389bf8a4843bd7a2248ce11b7f188
    sha256: 232a30e4b0045c9de5e168dda0328dc0e28df9439cdecdfb97dd79c1c82c4cec
  category: main
  optional: false
- name: zstandard
  version: 0.23.0
  manager: conda
  platform: linux-64
  dependencies:
    __glibc: '>=2.17,<3.0.a0'
    cffi: '>=1.11'
    libgcc: '>=13'
    python: '>=3.12,<3.13.0a0'
    python_abi: 3.12.*
    zstd: '>=1.5.6,<1.6.0a0'
  url: https://conda.anaconda.org/conda-forge/linux-64/zstandard-0.23.0-py312hef9b889_1.conda
  hash:
    md5: 8b7069e9792ee4e5b4919a7a306d2e67
    sha256: b97015e146437283f2213ff0e95abdc8e2480150634d81fbae6b96ee09f5e50b
  category: main
  optional: false
- name: zstd
  version: 1.5.6
  manager: conda
  platform: linux-64
  dependencies:
    libgcc-ng: '>=12'
    libstdcxx-ng: '>=12'
    libzlib: '>=1.2.13,<2.0.0a0'
  url: https://conda.anaconda.org/conda-forge/linux-64/zstd-1.5.6-ha6fb4c9_0.conda
  hash:
    md5: 4d056880988120e29d75bfff282e0f45
    sha256: c558b9cc01d9c1444031bd1ce4b9cff86f9085765f17627a6cd85fc623c8a02b
  category: main
  optional: false
