# This lock file was generated by conda-lock (https://github.com/conda/conda-lock). DO NOT EDIT!
#
# A "lock file" contains a concrete list of package versions (with checksums) to be installed. Unlike
# e.g. `conda env create`, the resulting environment will not change as new package versions become
# available, unless you explicitly update the lock file.
#
# Install this environment as "YOURENV" with:
#     conda-lock install -n YOURENV --file new.conda-lock.yml
# To update a single package to the latest version compatible with the version constraints in the source:
#     conda-lock lock  --lockfile new.conda-lock.yml --update PACKAGE
# To re-solve the entire environment, e.g. after changing a version constraint in the source file:
#     conda-lock -f environment.yml --lockfile new.conda-lock.yml
version: 1
metadata:
  content_hash:
    linux-64: 83583b50fcdafeed238b1c7a47ccbc2117d60344c421877f04294cb8b23eab7e
  channels:
  - url: conda-forge
    used_env_vars: []
  platforms:
  - linux-64
  sources:
  - environment.yml
package:
- name: _libgcc_mutex
  version: '0.1'
  manager: conda
  platform: linux-64
  dependencies: {}
  url: https://conda.anaconda.org/conda-forge/linux-64/_libgcc_mutex-0.1-conda_forge.tar.bz2
  hash:
    md5: d7c89558ba9fa0495403155b64376d81
    sha256: fe51de6107f9edc7aa4f786a70f4a883943bc9d39b3bb7307c04c41410990726
  category: main
  optional: false
- name: _openmp_mutex
  version: '4.5'
  manager: conda
  platform: linux-64
  dependencies:
    _libgcc_mutex: '0.1'
    llvm-openmp: '>=9.0.1'
  url: https://conda.anaconda.org/conda-forge/linux-64/_openmp_mutex-4.5-2_kmp_llvm.tar.bz2
  hash:
    md5: 562b26ba2e19059551a811e72ab7f793
    sha256: 84a66275da3a66e3f3e70e9d8f10496d807d01a9e4ec16cd2274cc5e28c478fc
  category: main
  optional: false
- name: antlr-python-runtime
  version: 4.9.3
  manager: conda
  platform: linux-64
  dependencies:
    python: '>=3.6'
  url: https://conda.anaconda.org/conda-forge/noarch/antlr-python-runtime-4.9.3-pyhd8ed1ab_1.tar.bz2
  hash:
    md5: c88eaec8de9ae1fa161205aa18e7a5b1
    sha256: b91f8ab4ac2b48972fbee1fc8e092cc452fdf59156e4ff2322c94bbf73650f94
  category: main
  optional: false
- name: beautifulsoup4
  version: 4.12.2
  manager: conda
  platform: linux-64
  dependencies:
    python: '>=3.6'
    soupsieve: '>=1.2'
  url: https://conda.anaconda.org/conda-forge/noarch/beautifulsoup4-4.12.2-pyha770c72_0.conda
  hash:
    md5: a362ff7d976217f8fa78c0f1c4f59717
    sha256: 52d3e6bcd442537e22699cd227d8fdcfd54b708eeb8ee5b4c671a6a9b9cd74da
  category: main
  optional: false
- name: brotli-python
  version: 1.1.0
  manager: conda
  platform: linux-64
  dependencies:
    libgcc-ng: '>=12'
    libstdcxx-ng: '>=12'
    python: '>=3.9,<3.10.0a0'
    python_abi: 3.9.*
  url: https://conda.anaconda.org/conda-forge/linux-64/brotli-python-1.1.0-py39h3d6467e_1.conda
  hash:
    md5: c48418c8b35f1d59ae9ae1174812b40a
    sha256: e22afb19527a93da24c1108c3e91532811f9c3df64a9473989faf332c98af082
  category: main
  optional: false
- name: bzip2
  version: 1.0.8
  manager: conda
  platform: linux-64
  dependencies:
    libgcc-ng: '>=12'
  url: https://conda.anaconda.org/conda-forge/linux-64/bzip2-1.0.8-hd590300_5.conda
  hash:
    md5: 69b8b6202a07720f448be700e300ccf4
    sha256: 242c0c324507ee172c0e0dd2045814e746bb303d1eb78870d182ceb0abc726a8
  category: main
  optional: false
- name: ca-certificates
  version: 2023.11.17
  manager: conda
  platform: linux-64
  dependencies: {}
  url: https://conda.anaconda.org/conda-forge/linux-64/ca-certificates-2023.11.17-hbcca054_0.conda
  hash:
    md5: 01ffc8d36f9eba0ce0b3c1955fa780ee
    sha256: fb4b9f4b7d885002db0b93e22f44b5b03791ef3d4efdc9d0662185a0faafd6b6
  category: main
  optional: false
- name: certifi
  version: 2023.11.17
  manager: conda
  platform: linux-64
  dependencies:
    python: '>=3.7'
  url: https://conda.anaconda.org/conda-forge/noarch/certifi-2023.11.17-pyhd8ed1ab_0.conda
  hash:
    md5: 2011bcf45376341dd1d690263fdbc789
    sha256: afa22b77128a812cb57bc707c297d926561bd225a3d9dd74205d87a3b2d14a96
  category: main
  optional: false
- name: charset-normalizer
  version: 3.3.2
  manager: conda
  platform: linux-64
  dependencies:
    python: '>=3.7'
  url: https://conda.anaconda.org/conda-forge/noarch/charset-normalizer-3.3.2-pyhd8ed1ab_0.conda
  hash:
    md5: 7f4a9e3fcff3f6356ae99244a014da6a
    sha256: 20cae47d31fdd58d99c4d2e65fbdcefa0b0de0c84e455ba9d6356a4bdbc4b5b9
  category: main
  optional: false
- name: codetiming
  version: 1.4.0
  manager: conda
  platform: linux-64
  dependencies:
    dataclasses: ''
    python: '>=3.6'
  url: https://conda.anaconda.org/conda-forge/noarch/codetiming-1.4.0-pyhd8ed1ab_0.tar.bz2
  hash:
    md5: a1f3168974155fc60367ef1a88e57569
    sha256: fe95abca179c43648fb36957d7dd5526c5e28ee04092e303e7b1778c9e964355
  category: main
  optional: false
- name: colorama
  version: 0.4.6
  manager: conda
  platform: linux-64
  dependencies:
    python: '>=3.7'
  url: https://conda.anaconda.org/conda-forge/noarch/colorama-0.4.6-pyhd8ed1ab_0.tar.bz2
  hash:
    md5: 3faab06a954c2a04039983f2c4a50d99
    sha256: 2c1b2e9755ce3102bca8d69e8f26e4f087ece73f50418186aee7c74bef8e1698
  category: main
  optional: false
- name: dataclasses
  version: '0.8'
  manager: conda
  platform: linux-64
  dependencies:
    python: '>=3.7'
  url: https://conda.anaconda.org/conda-forge/noarch/dataclasses-0.8-pyhc8e2a94_3.tar.bz2
  hash:
    md5: a362b2124b06aad102e2ee4581acee7d
    sha256: 63a83e62e0939bc1ab32de4ec736f6403084198c4639638b354a352113809c92
  category: main
  optional: false
- name: filelock
  version: 3.13.1
  manager: conda
  platform: linux-64
  dependencies:
    python: '>=3.7'
  url: https://conda.anaconda.org/conda-forge/noarch/filelock-3.13.1-pyhd8ed1ab_0.conda
  hash:
    md5: 0c1729b74a8152fde6a38ba0a2ab9f45
    sha256: 4d742d91412d1f163e5399d2b50c5d479694ebcd309127abb549ca3977f89d2b
  category: main
  optional: false
- name: freetype
  version: 2.12.1
  manager: conda
  platform: linux-64
  dependencies:
    libgcc-ng: '>=12'
    libpng: '>=1.6.39,<1.7.0a0'
    libzlib: '>=1.2.13,<1.3.0a0'
  url: https://conda.anaconda.org/conda-forge/linux-64/freetype-2.12.1-h267a509_2.conda
  hash:
    md5: 9ae35c3d96db2c94ce0cef86efdfa2cb
    sha256: b2e3c449ec9d907dd4656cb0dc93e140f447175b125a3824b31368b06c666bb6
  category: main
  optional: false
- name: fsspec
  version: 2023.12.2
  manager: conda
  platform: linux-64
  dependencies:
    python: '>=3.8'
  url: https://conda.anaconda.org/conda-forge/noarch/fsspec-2023.12.2-pyhca7485f_0.conda
  hash:
    md5: bf40f2a8835b78b1f91083d306b493d2
    sha256: 9269a5464698e0fde1f9c78544552817370c26df86e2a5a7518544b6a55ae8ee
  category: main
  optional: false
- name: gdown
  version: 4.7.1
  manager: conda
  platform: linux-64
  dependencies:
    beautifulsoup4: ''
    filelock: ''
    python: '>=3.6'
    requests: ''
    six: ''
    tqdm: ''
  url: https://conda.anaconda.org/conda-forge/noarch/gdown-4.7.1-pyhd8ed1ab_0.conda
  hash:
    md5: e5f8868a3c7d9d03602f1c33e5c846f6
    sha256: 8b9f8954686be787317414d4b25d466feac1217e0670a4a858bc1a155d73ef36
  category: main
  optional: false
- name: gmp
  version: 6.3.0
  manager: conda
  platform: linux-64
  dependencies:
    libgcc-ng: '>=12'
    libstdcxx-ng: '>=12'
  url: https://conda.anaconda.org/conda-forge/linux-64/gmp-6.3.0-h59595ed_0.conda
  hash:
    md5: 0e33ef437202db431aa5a928248cf2e8
    sha256: 2a50495b6bbbacb03107ea0b752d8358d4a40b572d124a8cade068c147f344f5
  category: main
  optional: false
- name: gmpy2
  version: 2.1.2
  manager: conda
  platform: linux-64
  dependencies:
    gmp: '>=6.2.1,<7.0a0'
    libgcc-ng: '>=12'
    mpc: '>=1.2.1,<2.0a0'
    mpfr: '>=4.1.0,<5.0a0'
    python: '>=3.9,<3.10.0a0'
    python_abi: 3.9.*
  url: https://conda.anaconda.org/conda-forge/linux-64/gmpy2-2.1.2-py39h376b7d2_1.tar.bz2
  hash:
    md5: d019ebf9a328e19c211be7e916c57b80
    sha256: f5a5ab463d7d9e9c4f6a70748adf334ad28072c9befe4748d0eaa48fccc24d56
  category: main
  optional: false
- name: googleapis-common-protos
  version: 1.62.0
  manager: conda
  platform: linux-64
  dependencies:
    protobuf: '>=3.19.5,<5.0.0dev0,!=3.20.0,!=3.20.1,!=4.21.1,!=4.21.2,!=4.21.3,!=4.21.4,!=4.21.5'
    python: '>=3.7'
  url: https://conda.anaconda.org/conda-forge/noarch/googleapis-common-protos-1.62.0-pyhd8ed1ab_0.conda
  hash:
    md5: ca3d0c7ba3a15e943d9c715aba03ae62
    sha256: 70da3fc08a742022c666d9807f0caba60be1ddbf09b6642c168001bace18c724
  category: main
  optional: false
- name: hydra-core
  version: 1.3.2
  manager: conda
  platform: linux-64
  dependencies:
    antlr-python-runtime: 4.9.*
    importlib_resources: ''
    omegaconf: '>=2.2,<2.4'
    packaging: ''
    python: '>=3.6'
  url: https://conda.anaconda.org/conda-forge/noarch/hydra-core-1.3.2-pyhd8ed1ab_0.conda
  hash:
    md5: 297d09ccdcec5b347d44c88f2b61cf03
    sha256: 35044b4bb1059c4ed7d8392b776e663a390ad7a2bb6f7e2f09ecd5e9b5d40b75
  category: main
  optional: false
- name: icu
  version: '73.2'
  manager: conda
  platform: linux-64
  dependencies:
    libgcc-ng: '>=12'
    libstdcxx-ng: '>=12'
  url: https://conda.anaconda.org/conda-forge/linux-64/icu-73.2-h59595ed_0.conda
  hash:
    md5: cc47e1facc155f91abd89b11e48e72ff
    sha256: e12fd90ef6601da2875ebc432452590bc82a893041473bc1c13ef29001a73ea8
  category: main
  optional: false
- name: idna
  version: '3.6'
  manager: conda
  platform: linux-64
  dependencies:
    python: '>=3.6'
  url: https://conda.anaconda.org/conda-forge/noarch/idna-3.6-pyhd8ed1ab_0.conda
  hash:
    md5: 1a76f09108576397c41c0b0c5bd84134
    sha256: 6ee4c986d69ce61e60a20b2459b6f2027baeba153f0a64995fd3cb47c2cc7e07
  category: main
  optional: false
- name: importlib_resources
  version: 6.1.1
  manager: conda
  platform: linux-64
  dependencies:
    python: '>=3.8'
    zipp: '>=3.1.0'
  url: https://conda.anaconda.org/conda-forge/noarch/importlib_resources-6.1.1-pyhd8ed1ab_0.conda
  hash:
    md5: 3d5fa25cf42f3f32a12b2d874ace8574
    sha256: e584f9ae08fb2d242af0ce7e19e3cd2f85f362d8523119e08f99edb962db99ed
  category: main
  optional: false
- name: jinja2
  version: 3.1.2
  manager: conda
  platform: linux-64
  dependencies:
    markupsafe: '>=2.0'
    python: '>=3.7'
  url: https://conda.anaconda.org/conda-forge/noarch/jinja2-3.1.2-pyhd8ed1ab_1.tar.bz2
  hash:
    md5: c8490ed5c70966d232fdd389d0dbed37
    sha256: b045faba7130ab263db6a8fdc96b1a3de5fcf85c4a607c5f11a49e76851500b5
  category: main
  optional: false
- name: lcms2
  version: '2.16'
  manager: conda
  platform: linux-64
  dependencies:
    libgcc-ng: '>=12'
    libjpeg-turbo: '>=3.0.0,<4.0a0'
    libtiff: '>=4.6.0,<4.7.0a0'
  url: https://conda.anaconda.org/conda-forge/linux-64/lcms2-2.16-hb7c19ff_0.conda
  hash:
    md5: 51bb7010fc86f70eee639b4bb7a894f5
    sha256: 5c878d104b461b7ef922abe6320711c0d01772f4cd55de18b674f88547870041
  category: main
  optional: false
- name: ld_impl_linux-64
  version: '2.40'
  manager: conda
  platform: linux-64
  dependencies: {}
  url: https://conda.anaconda.org/conda-forge/linux-64/ld_impl_linux-64-2.40-h41732ed_0.conda
  hash:
    md5: 7aca3059a1729aa76c597603f10b0dd3
    sha256: f6cc89d887555912d6c61b295d398cff9ec982a3417d38025c45d5dd9b9e79cd
  category: main
  optional: false
- name: lerc
  version: 4.0.0
  manager: conda
  platform: linux-64
  dependencies:
    libgcc-ng: '>=12'
    libstdcxx-ng: '>=12'
  url: https://conda.anaconda.org/conda-forge/linux-64/lerc-4.0.0-h27087fc_0.tar.bz2
  hash:
    md5: 76bbff344f0134279f225174e9064c8f
    sha256: cb55f36dcd898203927133280ae1dc643368af041a48bcf7c026acb7c47b0c12
  category: main
  optional: false
- name: libabseil
  version: '20230802.1'
  manager: conda
  platform: linux-64
  dependencies:
    libgcc-ng: '>=12'
    libstdcxx-ng: '>=12'
  url: https://conda.anaconda.org/conda-forge/linux-64/libabseil-20230802.1-cxx17_h59595ed_0.conda
  hash:
    md5: 2785ddf4cb0e7e743477991d64353947
    sha256: 8729021a93e67bb93b4e73ef0a132499db516accfea11561b667635bcd0507e7
  category: main
  optional: false
- name: libblas
  version: 3.9.0
  manager: conda
  platform: linux-64
  dependencies:
    libopenblas: '>=0.3.25,<1.0a0'
  url: https://conda.anaconda.org/conda-forge/linux-64/libblas-3.9.0-20_linux64_openblas.conda
  hash:
    md5: 2b7bb4f7562c8cf334fc2e20c2d28abc
    sha256: 8a0ee1de693a9b3da4a11b95ec81b40dd434bd01fa1f5f38f8268cd2146bf8f0
  category: main
  optional: false
- name: libcblas
  version: 3.9.0
  manager: conda
  platform: linux-64
  dependencies:
    libblas: 3.9.0
  url: https://conda.anaconda.org/conda-forge/linux-64/libcblas-3.9.0-20_linux64_openblas.conda
  hash:
    md5: 36d486d72ab64ffea932329a1d3729a3
    sha256: 0e34fb0f82262f02fcb279ab4a1db8d50875dc98e3019452f8f387e6bf3c0247
  category: main
  optional: false
- name: libdeflate
  version: '1.19'
  manager: conda
  platform: linux-64
  dependencies:
    libgcc-ng: '>=12'
  url: https://conda.anaconda.org/conda-forge/linux-64/libdeflate-1.19-hd590300_0.conda
  hash:
    md5: 1635570038840ee3f9c71d22aa5b8b6d
    sha256: 985ad27aa0ba7aad82afa88a8ede6a1aacb0aaca950d710f15d85360451e72fd
  category: main
  optional: false
- name: libffi
  version: 3.4.2
  manager: conda
  platform: linux-64
  dependencies:
    libgcc-ng: '>=9.4.0'
  url: https://conda.anaconda.org/conda-forge/linux-64/libffi-3.4.2-h7f98852_5.tar.bz2
  hash:
    md5: d645c6d2ac96843a2bfaccd2d62b3ac3
    sha256: ab6e9856c21709b7b517e940ae7028ae0737546122f83c2aa5d692860c3b149e
  category: main
  optional: false
- name: libgcc-ng
  version: 13.2.0
  manager: conda
  platform: linux-64
  dependencies:
    _libgcc_mutex: '0.1'
    _openmp_mutex: '>=4.5'
  url: https://conda.anaconda.org/conda-forge/linux-64/libgcc-ng-13.2.0-h807b86a_3.conda
  hash:
    md5: 23fdf1fef05baeb7eadc2aed5fb0011f
    sha256: 5e88f658e07a30ab41b154b42c59f079b168acfa9551a75bdc972099453f4105
  category: main
  optional: false
- name: libgfortran-ng
  version: 13.2.0
  manager: conda
  platform: linux-64
  dependencies:
    libgfortran5: 13.2.0
  url: https://conda.anaconda.org/conda-forge/linux-64/libgfortran-ng-13.2.0-h69a702a_3.conda
  hash:
    md5: 73031c79546ad06f1fe62e57fdd021bc
    sha256: 5b918950b84605b6865de438757f507b1eff73c96fd562f7022c80028b088c14
  category: main
  optional: false
- name: libgfortran5
  version: 13.2.0
  manager: conda
  platform: linux-64
  dependencies:
    libgcc-ng: '>=13.2.0'
  url: https://conda.anaconda.org/conda-forge/linux-64/libgfortran5-13.2.0-ha4646dd_3.conda
  hash:
    md5: c714d905cdfa0e70200f68b80cc04764
    sha256: 0084a1d29a4f8ee3b8edad80eb6c42e5f0480f054f28cf713fb314bebb347a50
  category: main
  optional: false
- name: libhwloc
  version: 2.9.3
  manager: conda
  platform: linux-64
  dependencies:
    libgcc-ng: '>=12'
    libstdcxx-ng: '>=12'
    libxml2: '>=2.11.5,<2.12.0a0'
  url: https://conda.anaconda.org/conda-forge/linux-64/libhwloc-2.9.3-default_h554bfaf_1009.conda
  hash:
    md5: f36ddc11ca46958197a45effdd286e45
    sha256: 6950fee24766d03406e0f6f965262a5d98829c71eed8d1004f313892423b559b
  category: main
  optional: false
- name: libiconv
  version: '1.17'
  manager: conda
  platform: linux-64
  dependencies:
    libgcc-ng: '>=12'
  url: https://conda.anaconda.org/conda-forge/linux-64/libiconv-1.17-hd590300_1.conda
  hash:
    md5: 4b06b43d0eca61db2899e4d7a289c302
    sha256: a9364735ef2542558ed59aa5f404707dab674df465cbdf312edeaf5e827b55ed
  category: main
  optional: false
- name: libjpeg-turbo
  version: 3.0.0
  manager: conda
  platform: linux-64
  dependencies:
    libgcc-ng: '>=12'
  url: https://conda.anaconda.org/conda-forge/linux-64/libjpeg-turbo-3.0.0-hd590300_1.conda
  hash:
    md5: ea25936bb4080d843790b586850f82b8
    sha256: b954e09b7e49c2f2433d6f3bb73868eda5e378278b0f8c1dd10a7ef090e14f2f
  category: main
  optional: false
- name: liblapack
  version: 3.9.0
  manager: conda
  platform: linux-64
  dependencies:
    libblas: 3.9.0
  url: https://conda.anaconda.org/conda-forge/linux-64/liblapack-3.9.0-20_linux64_openblas.conda
  hash:
    md5: 6fabc51f5e647d09cc010c40061557e0
    sha256: ad7745b8d0f2ccb9c3ba7aaa7167d62fc9f02e45eb67172ae5f0dfb5a3b1a2cc
  category: main
  optional: false
- name: libnsl
  version: 2.0.1
  manager: conda
  platform: linux-64
  dependencies:
    libgcc-ng: '>=12'
  url: https://conda.anaconda.org/conda-forge/linux-64/libnsl-2.0.1-hd590300_0.conda
  hash:
    md5: 30fd6e37fe21f86f4bd26d6ee73eeec7
    sha256: 26d77a3bb4dceeedc2a41bd688564fe71bf2d149fdcf117049970bc02ff1add6
  category: main
  optional: false
- name: libopenblas
  version: 0.3.25
  manager: conda
  platform: linux-64
  dependencies:
    libgcc-ng: '>=12'
    libgfortran-ng: ''
    libgfortran5: '>=12.3.0'
  url: https://conda.anaconda.org/conda-forge/linux-64/libopenblas-0.3.25-pthreads_h413a1c8_0.conda
  hash:
    md5: d172b34a443b95f86089e8229ddc9a17
    sha256: 628564517895ee1b09cf72c817548bd80ef1acce6a8214a8520d9f7b44c4cfaf
  category: main
  optional: false
- name: libpng
  version: 1.6.39
  manager: conda
  platform: linux-64
  dependencies:
    libgcc-ng: '>=12'
    libzlib: '>=1.2.13,<1.3.0a0'
  url: https://conda.anaconda.org/conda-forge/linux-64/libpng-1.6.39-h753d276_0.conda
  hash:
    md5: e1c890aebdebbfbf87e2c917187b4416
    sha256: a32b36d34e4f2490b99bddbc77d01a674d304f667f0e62c89e02c961addef462
  category: main
  optional: false
- name: libprotobuf
  version: 4.24.4
  manager: conda
  platform: linux-64
  dependencies:
    libabseil: '>=20230802.1,<20230803.0a0'
    libgcc-ng: '>=12'
    libstdcxx-ng: '>=12'
    libzlib: '>=1.2.13,<1.3.0a0'
  url: https://conda.anaconda.org/conda-forge/linux-64/libprotobuf-4.24.4-hf27288f_0.conda
  hash:
    md5: 1a0287ab734591ad63603734f923016b
    sha256: 3e0f6454190abb27edd2aeb724688ee440de133edb02cbb17d5609ba36aa8be0
  category: main
  optional: false
- name: libsqlite
  version: 3.44.2
  manager: conda
  platform: linux-64
  dependencies:
    libgcc-ng: '>=12'
    libzlib: '>=1.2.13,<1.3.0a0'
  url: https://conda.anaconda.org/conda-forge/linux-64/libsqlite-3.44.2-h2797004_0.conda
  hash:
    md5: 3b6a9f225c3dbe0d24f4fedd4625c5bf
    sha256: ee2c4d724a3ed60d5b458864d66122fb84c6ce1df62f735f90d8db17b66cd88a
  category: main
  optional: false
- name: libstdcxx-ng
  version: 13.2.0
  manager: conda
  platform: linux-64
  dependencies: {}
  url: https://conda.anaconda.org/conda-forge/linux-64/libstdcxx-ng-13.2.0-h7e041cc_3.conda
  hash:
    md5: 937eaed008f6bf2191c5fe76f87755e9
    sha256: 6c6c49efedcc5709a66f19fb6b26b69c6a5245310fd1d9a901fd5e38aaf7f882
  category: main
  optional: false
- name: libtiff
  version: 4.6.0
  manager: conda
  platform: linux-64
  dependencies:
    lerc: '>=4.0.0,<5.0a0'
    libdeflate: '>=1.19,<1.20.0a0'
    libgcc-ng: '>=12'
    libjpeg-turbo: '>=3.0.0,<4.0a0'
    libstdcxx-ng: '>=12'
    libwebp-base: '>=1.3.2,<2.0a0'
    libzlib: '>=1.2.13,<1.3.0a0'
    xz: '>=5.2.6,<6.0a0'
    zstd: '>=1.5.5,<1.6.0a0'
  url: https://conda.anaconda.org/conda-forge/linux-64/libtiff-4.6.0-ha9c0a0a_2.conda
  hash:
    md5: 55ed21669b2015f77c180feb1dd41930
    sha256: 45158f5fbee7ee3e257e6b9f51b9f1c919ed5518a94a9973fe7fa4764330473e
  category: main
  optional: false
- name: libuuid
  version: 2.38.1
  manager: conda
  platform: linux-64
  dependencies:
    libgcc-ng: '>=12'
  url: https://conda.anaconda.org/conda-forge/linux-64/libuuid-2.38.1-h0b41bf4_0.conda
  hash:
    md5: 40b61aab5c7ba9ff276c41cfffe6b80b
    sha256: 787eb542f055a2b3de553614b25f09eefb0a0931b0c87dbcce6efdfd92f04f18
  category: main
  optional: false
- name: libuv
  version: 1.46.0
  manager: conda
  platform: linux-64
  dependencies:
    libgcc-ng: '>=12'
  url: https://conda.anaconda.org/conda-forge/linux-64/libuv-1.46.0-hd590300_0.conda
  hash:
    md5: d23c76f7e6dcd6243d1b6ef5e62d17d2
    sha256: 4bc4c946e9a532c066442714eeeeb1ffbd03cd89789c4047293f5e782b5fedd7
  category: main
  optional: false
- name: libwebp-base
  version: 1.3.2
  manager: conda
  platform: linux-64
  dependencies:
    libgcc-ng: '>=12'
  url: https://conda.anaconda.org/conda-forge/linux-64/libwebp-base-1.3.2-hd590300_0.conda
  hash:
    md5: 30de3fd9b3b602f7473f30e684eeea8c
    sha256: 68764a760fa81ef35dacb067fe8ace452bbb41476536a4a147a1051df29525f0
  category: main
  optional: false
- name: libxcb
  version: '1.15'
  manager: conda
  platform: linux-64
  dependencies:
    libgcc-ng: '>=12'
    pthread-stubs: ''
    xorg-libxau: ''
    xorg-libxdmcp: ''
  url: https://conda.anaconda.org/conda-forge/linux-64/libxcb-1.15-h0b41bf4_0.conda
  hash:
    md5: 33277193f5b92bad9fdd230eb700929c
    sha256: a670902f0a3173a466c058d2ac22ca1dd0df0453d3a80e0212815c20a16b0485
  category: main
  optional: false
- name: libxml2
  version: 2.11.6
  manager: conda
  platform: linux-64
  dependencies:
    icu: '>=73.2,<74.0a0'
    libgcc-ng: '>=12'
    libiconv: '>=1.17,<2.0a0'
    libzlib: '>=1.2.13,<1.3.0a0'
    xz: '>=5.2.6,<6.0a0'
  url: https://conda.anaconda.org/conda-forge/linux-64/libxml2-2.11.6-h232c23b_0.conda
  hash:
    md5: 427a3e59d66cb5d145020bd9c6493334
    sha256: e6183d5e57ee48cc1fc4340477c31a6bd8be4d3ba5dded82cbca0d5280591086
  category: main
  optional: false
- name: libzlib
  version: 1.2.13
  manager: conda
  platform: linux-64
  dependencies:
    libgcc-ng: '>=12'
  url: https://conda.anaconda.org/conda-forge/linux-64/libzlib-1.2.13-hd590300_5.conda
  hash:
    md5: f36c115f1ee199da648e0597ec2047ad
    sha256: 370c7c5893b737596fd6ca0d9190c9715d89d888b8c88537ae1ef168c25e82e4
  category: main
  optional: false
- name: llvm-openmp
  version: 17.0.6
  manager: conda
  platform: linux-64
  dependencies:
    libzlib: '>=1.2.13,<1.3.0a0'
    zstd: '>=1.5.5,<1.6.0a0'
  url: https://conda.anaconda.org/conda-forge/linux-64/llvm-openmp-17.0.6-h4dfa4b3_0.conda
  hash:
    md5: c1665f9c1c9f6c93d8b4e492a6a39056
    sha256: 18a9db4cc139e72e8eac80a34f6536491fe318d3785bc2c35fac42cd00676376
  category: main
  optional: false
- name: markupsafe
  version: 2.1.3
  manager: conda
  platform: linux-64
  dependencies:
    libgcc-ng: '>=12'
    python: '>=3.9,<3.10.0a0'
    python_abi: 3.9.*
  url: https://conda.anaconda.org/conda-forge/linux-64/markupsafe-2.1.3-py39hd1e30aa_1.conda
  hash:
    md5: ee2b4665b852ec6ff2758f3c1b91233d
    sha256: 0fb7a5340855c0b3c7c9259eb57ff00abedf36530ba1daae3434016301b0fa36
  category: main
  optional: false
- name: mkl
  version: 2022.2.1
  manager: conda
  platform: linux-64
  dependencies:
    _openmp_mutex: '>=4.5'
    llvm-openmp: '>=15.0.6'
    tbb: 2021.*
  url: https://conda.anaconda.org/conda-forge/linux-64/mkl-2022.2.1-h84fe81f_16997.conda
  hash:
    md5: a7ce56d5757f5b57e7daabe703ade5bb
    sha256: 5322750d5e96ff5d96b1457db5fb6b10300f2bc4030545e940e17b57c4e96d00
  category: main
  optional: false
- name: mpc
  version: 1.3.1
  manager: conda
  platform: linux-64
  dependencies:
    gmp: '>=6.2.1,<7.0a0'
    libgcc-ng: '>=12'
    mpfr: '>=4.1.0,<5.0a0'
  url: https://conda.anaconda.org/conda-forge/linux-64/mpc-1.3.1-hfe3b2da_0.conda
  hash:
    md5: 289c71e83dc0daa7d4c81f04180778ca
    sha256: 2f88965949ba7b4b21e7e5facd62285f7c6efdb17359d1b365c3bb4ecc968d29
  category: main
  optional: false
- name: mpfr
  version: 4.2.1
  manager: conda
  platform: linux-64
  dependencies:
    gmp: '>=6.2.1,<7.0a0'
    libgcc-ng: '>=12'
  url: https://conda.anaconda.org/conda-forge/linux-64/mpfr-4.2.1-h9458935_0.conda
  hash:
    md5: 4c28f3210b30250037a4a627eeee9e0f
    sha256: 008230a53ff15cf61966476b44f7ba2c779826825b9ca639a0a2b44d8f7aa6cb
  category: main
  optional: false
- name: mpmath
  version: 1.3.0
  manager: conda
  platform: linux-64
  dependencies:
    python: '>=3.6'
  url: https://conda.anaconda.org/conda-forge/noarch/mpmath-1.3.0-pyhd8ed1ab_0.conda
  hash:
    md5: dbf6e2d89137da32fa6670f3bffc024e
    sha256: a4f025c712ec1502a55c471b56a640eaeebfce38dd497d5a1a33729014cac47a
  category: main
  optional: false
- name: ncurses
  version: '6.4'
  manager: conda
  platform: linux-64
  dependencies:
    libgcc-ng: '>=12'
  url: https://conda.anaconda.org/conda-forge/linux-64/ncurses-6.4-h59595ed_2.conda
  hash:
    md5: 7dbaa197d7ba6032caf7ae7f32c1efa0
    sha256: 91cc03f14caf96243cead96c76fe91ab5925a695d892e83285461fb927dece5e
  category: main
  optional: false
- name: networkx
  version: 3.2.1
  manager: conda
  platform: linux-64
  dependencies:
    python: '>=3.9'
  url: https://conda.anaconda.org/conda-forge/noarch/networkx-3.2.1-pyhd8ed1ab_0.conda
  hash:
    md5: 425fce3b531bed6ec3c74fab3e5f0a1c
    sha256: 7629aa4f9f8cdff45ea7a4701fe58dccce5bf2faa01c26eb44cbb27b7e15ca9d
  category: main
  optional: false
- name: numpy
  version: 1.26.2
  manager: conda
  platform: linux-64
  dependencies:
    libblas: '>=3.9.0,<4.0a0'
    libcblas: '>=3.9.0,<4.0a0'
    libgcc-ng: '>=12'
    liblapack: '>=3.9.0,<4.0a0'
    libstdcxx-ng: '>=12'
    python: '>=3.9,<3.10.0a0'
    python_abi: 3.9.*
  url: https://conda.anaconda.org/conda-forge/linux-64/numpy-1.26.2-py39h474f0d3_0.conda
  hash:
    md5: 459a58eda3e74dd5e3d596c618e7f20a
    sha256: da2439d911005c9c83e7586f72014f58958ff0b0dbc7a3c38c14fbbe2841b455
  category: main
  optional: false
- name: omegaconf
  version: 2.3.0
  manager: conda
  platform: linux-64
  dependencies:
    antlr-python-runtime: 4.9.*
    python: '>=3.7'
    pyyaml: '>=5.1.0'
    typing_extensions: ''
  url: https://conda.anaconda.org/conda-forge/noarch/omegaconf-2.3.0-pyhd8ed1ab_0.conda
  hash:
    md5: 23cc056834cab53849b91f78d6ee3ea0
    sha256: df806841be847e5287b22b6ae7f380874f81ea51f1b51ae14a570f3385c7b133
  category: main
  optional: false
- name: openjpeg
  version: 2.5.0
  manager: conda
  platform: linux-64
  dependencies:
    libgcc-ng: '>=12'
    libpng: '>=1.6.39,<1.7.0a0'
    libstdcxx-ng: '>=12'
    libtiff: '>=4.6.0,<4.7.0a0'
    libzlib: '>=1.2.13,<1.3.0a0'
  url: https://conda.anaconda.org/conda-forge/linux-64/openjpeg-2.5.0-h488ebb8_3.conda
  hash:
    md5: 128c25b7fe6a25286a48f3a6a9b5b6f3
    sha256: 9fe91b67289267de68fda485975bb48f0605ac503414dc663b50d8b5f29bc82a
  category: main
  optional: false
- name: openssl
  version: 3.2.0
  manager: conda
  platform: linux-64
  dependencies:
    ca-certificates: ''
    libgcc-ng: '>=12'
  url: https://conda.anaconda.org/conda-forge/linux-64/openssl-3.2.0-hd590300_1.conda
  hash:
    md5: 603827b39ea2b835268adb8c821b8570
    sha256: 80efc6f429bd8e622d999652e5cba2ca56fcdb9c16a439d2ce9b4313116e4a87
  category: main
  optional: false
- name: packaging
  version: '23.2'
  manager: conda
  platform: linux-64
  dependencies:
    python: '>=3.7'
  url: https://conda.anaconda.org/conda-forge/noarch/packaging-23.2-pyhd8ed1ab_0.conda
  hash:
    md5: 79002079284aa895f883c6b7f3f88fd6
    sha256: 69b3ace6cca2dab9047b2c24926077d81d236bef45329d264b394001e3c3e52f
  category: main
  optional: false
- name: pillow
  version: 10.1.0
  manager: conda
  platform: linux-64
  dependencies:
    freetype: '>=2.12.1,<3.0a0'
    lcms2: '>=2.15,<3.0a0'
    libgcc-ng: '>=12'
    libjpeg-turbo: '>=3.0.0,<4.0a0'
    libtiff: '>=4.6.0,<4.7.0a0'
    libwebp-base: '>=1.3.2,<2.0a0'
    libxcb: '>=1.15,<1.16.0a0'
    libzlib: '>=1.2.13,<1.3.0a0'
    openjpeg: '>=2.5.0,<3.0a0'
    python: '>=3.9,<3.10.0a0'
    python_abi: 3.9.*
    tk: '>=8.6.13,<8.7.0a0'
  url: https://conda.anaconda.org/conda-forge/linux-64/pillow-10.1.0-py39had0adad_0.conda
  hash:
    md5: eeaa413fddccecb2ab7f747bdb55b07f
    sha256: b474fbd1cb38a6c29372248809bbf339a2d2eff72c11601f05b19a3188dd372e
  category: main
  optional: false
- name: pip
  version: 23.3.1
  manager: conda
  platform: linux-64
  dependencies:
    python: '>=3.7'
    setuptools: ''
    wheel: ''
  url: https://conda.anaconda.org/conda-forge/noarch/pip-23.3.1-pyhd8ed1ab_0.conda
  hash:
    md5: 2400c0b86889f43aa52067161e1fb108
    sha256: 435829a03e1c6009f013f29bb83de8b876c388820bf8cf69a7baeec25f6a3563
  category: main
  optional: false
- name: protobuf
  version: 4.24.4
  manager: conda
  platform: linux-64
  dependencies:
    libabseil: '>=20230802.1,<20230803.0a0'
    libgcc-ng: '>=12'
    libprotobuf: '>=4.24.4,<4.24.5.0a0'
    libstdcxx-ng: '>=12'
    python: '>=3.9,<3.10.0a0'
    python_abi: 3.9.*
    setuptools: ''
  url: https://conda.anaconda.org/conda-forge/linux-64/protobuf-4.24.4-py39h60f6b12_0.conda
  hash:
    md5: c25d58de8c0408f157ce2937bf6d2043
    sha256: 191a019f70fa8819842a93e6e1d4a371c3e3926740a47c51a6b840d95a61f601
  category: main
  optional: false
- name: pthread-stubs
  version: '0.4'
  manager: conda
  platform: linux-64
  dependencies:
    libgcc-ng: '>=7.5.0'
  url: https://conda.anaconda.org/conda-forge/linux-64/pthread-stubs-0.4-h36c2ea0_1001.tar.bz2
  hash:
    md5: 22dad4df6e8630e8dff2428f6f6a7036
    sha256: 67c84822f87b641d89df09758da498b2d4558d47b920fd1d3fe6d3a871e000ff
  category: main
  optional: false
- name: pysocks
  version: 1.7.1
  manager: conda
  platform: linux-64
  dependencies:
    __unix: ''
    python: '>=3.8'
  url: https://conda.anaconda.org/conda-forge/noarch/pysocks-1.7.1-pyha2e5f31_6.tar.bz2
  hash:
    md5: 2a7de29fb590ca14b5243c4c812c8025
    sha256: a42f826e958a8d22e65b3394f437af7332610e43ee313393d1cf143f0a2d274b
  category: main
  optional: false
- name: python
  version: 3.9.18
  manager: conda
  platform: linux-64
  dependencies:
    bzip2: '>=1.0.8,<2.0a0'
    ld_impl_linux-64: '>=2.36.1'
    libffi: '>=3.4,<4.0a0'
    libgcc-ng: '>=12'
    libnsl: '>=2.0.0,<2.1.0a0'
    libsqlite: '>=3.43.0,<4.0a0'
    libuuid: '>=2.38.1,<3.0a0'
    libzlib: '>=1.2.13,<1.3.0a0'
    ncurses: '>=6.4,<7.0a0'
    openssl: '>=3.1.2,<4.0a0'
    readline: '>=8.2,<9.0a0'
    tk: '>=8.6.12,<8.7.0a0'
    tzdata: ''
    xz: '>=5.2.6,<6.0a0'
  url: https://conda.anaconda.org/conda-forge/linux-64/python-3.9.18-h0755675_0_cpython.conda
  hash:
    md5: 3ede353bc605068d9677e700b1847382
    sha256: 18db2220328abee8eb19f51c8df88bcfdf3a557b8181e7f5bda291deb067e40f
  category: main
  optional: false
- name: python-json-logger
  version: 2.0.7
  manager: conda
  platform: linux-64
  dependencies:
    python: '>=3.6'
  url: https://conda.anaconda.org/conda-forge/noarch/python-json-logger-2.0.7-pyhd8ed1ab_0.conda
  hash:
    md5: a61bf9ec79426938ff785eb69dbb1960
    sha256: 4790787fe1f4e8da616edca4acf6a4f8ed4e7c6967aa31b920208fc8f95efcca
  category: main
  optional: false
- name: python_abi
  version: '3.9'
  manager: conda
  platform: linux-64
  dependencies: {}
  url: https://conda.anaconda.org/conda-forge/linux-64/python_abi-3.9-4_cp39.conda
  hash:
    md5: bfe4b3259a8ac6cdf0037752904da6a7
    sha256: 7e0157e35929711e1a986c18a8bfb7a38a2209cfada16b541ebb0481f74376d6
  category: main
  optional: false
- name: pytorch
  version: 2.1.0
  manager: conda
  platform: linux-64
  dependencies:
    __glibc: '>=2.17,<3.0.a0'
    _openmp_mutex: '>=4.5'
    filelock: ''
    fsspec: ''
    jinja2: ''
    libcblas: '>=3.9.0,<4.0a0'
    libgcc-ng: '>=12'
    libprotobuf: '>=4.24.4,<4.24.5.0a0'
    libstdcxx-ng: '>=12'
    libuv: '>=1.46.0,<2.0a0'
    mkl: '>=2022.2.1,<2023.0a0'
    networkx: ''
    numpy: '>=1.22.4,<2.0a0'
    python: '>=3.9,<3.10.0a0'
    python_abi: 3.9.*
    sleef: '>=3.5.1,<4.0a0'
    sympy: ''
    typing_extensions: ''
  url: https://conda.anaconda.org/conda-forge/linux-64/pytorch-2.1.0-cpu_mkl_py39h36ec4d3_100.conda
  hash:
    md5: 382e6d138ab1c516f6f5358196eccf72
    sha256: 0d82f09058d2a5c9e58f13c9c4e2f72b92505dda5a079191d89061128a464376
  category: main
  optional: false
- name: pyyaml
  version: 6.0.1
  manager: conda
  platform: linux-64
  dependencies:
    libgcc-ng: '>=12'
    python: '>=3.9,<3.10.0a0'
    python_abi: 3.9.*
    yaml: '>=0.2.5,<0.3.0a0'
  url: https://conda.anaconda.org/conda-forge/linux-64/pyyaml-6.0.1-py39hd1e30aa_1.conda
  hash:
    md5: 37218233bcdc310e4fde6453bc1b40d8
    sha256: 28b147c50ad48215f9427a52811848223ac0371be7caae88522e661a3bfb1448
  category: main
  optional: false
- name: readline
  version: '8.2'
  manager: conda
  platform: linux-64
  dependencies:
    libgcc-ng: '>=12'
    ncurses: '>=6.3,<7.0a0'
  url: https://conda.anaconda.org/conda-forge/linux-64/readline-8.2-h8228510_1.conda
  hash:
    md5: 47d31b792659ce70f470b5c82fdfb7a4
    sha256: 5435cf39d039387fbdc977b0a762357ea909a7694d9528ab40f005e9208744d7
  category: main
  optional: false
- name: requests
  version: 2.31.0
  manager: conda
  platform: linux-64
  dependencies:
    certifi: '>=2017.4.17'
    charset-normalizer: '>=2,<4'
    idna: '>=2.5,<4'
    python: '>=3.7'
    urllib3: '>=1.21.1,<3'
  url: https://conda.anaconda.org/conda-forge/noarch/requests-2.31.0-pyhd8ed1ab_0.conda
  hash:
    md5: a30144e4156cdbb236f99ebb49828f8b
    sha256: 9f629d6fd3c8ac5f2a198639fe7af87c4db2ac9235279164bfe0fcb49d8c4bad
  category: main
  optional: false
- name: setuptools
  version: 68.2.2
  manager: conda
  platform: linux-64
  dependencies:
    python: '>=3.7'
  url: https://conda.anaconda.org/conda-forge/noarch/setuptools-68.2.2-pyhd8ed1ab_0.conda
  hash:
    md5: fc2166155db840c634a1291a5c35a709
    sha256: 851901b1f8f2049edb36a675f0c3f9a98e1495ef4eb214761b048c6f696a06f7
  category: main
  optional: false
- name: six
  version: 1.16.0
  manager: conda
  platform: linux-64
  dependencies:
    python: ''
  url: https://conda.anaconda.org/conda-forge/noarch/six-1.16.0-pyh6c4a22f_0.tar.bz2
  hash:
    md5: e5f25f8dbc060e9a8d912e432202afc2
    sha256: a85c38227b446f42c5b90d9b642f2c0567880c15d72492d8da074a59c8f91dd6
  category: main
  optional: false
- name: sleef
  version: 3.5.1
  manager: conda
  platform: linux-64
  dependencies:
    _openmp_mutex: '>=4.5'
    libgcc-ng: '>=9.4.0'
  url: https://conda.anaconda.org/conda-forge/linux-64/sleef-3.5.1-h9b69904_2.tar.bz2
  hash:
    md5: 6e016cf4c525d04a7bd038cee53ad3fd
    sha256: 77d644a16f682e6d01df63fe9d25315011393498b63cf08c0e548780e46b2170
  category: main
  optional: false
- name: soupsieve
  version: '2.5'
  manager: conda
  platform: linux-64
  dependencies:
    python: '>=3.8'
  url: https://conda.anaconda.org/conda-forge/noarch/soupsieve-2.5-pyhd8ed1ab_1.conda
  hash:
    md5: 3f144b2c34f8cb5a9abd9ed23a39c561
    sha256: 54ae221033db8fbcd4998ccb07f3c3828b4d77e73b0c72b18c1d6a507059059c
  category: main
  optional: false
- name: sympy
  version: '1.12'
  manager: conda
  platform: linux-64
  dependencies:
    __unix: ''
    gmpy2: '>=2.0.8'
    mpmath: '>=0.19'
    python: '>=3.8'
  url: https://conda.anaconda.org/conda-forge/noarch/sympy-1.12-pypyh9d50eac_103.conda
  hash:
    md5: 2f7d6347d7acf6edf1ac7f2189f44c8f
    sha256: 0025dd4e6411423903bf478d1b9fbff0cbbbe546f51c9375dfd6729ef2e1a1ac
  category: main
  optional: false
- name: tbb
  version: 2021.11.0
  manager: conda
  platform: linux-64
  dependencies:
    libgcc-ng: '>=12'
    libhwloc: '>=2.9.3,<2.9.4.0a0'
    libstdcxx-ng: '>=12'
  url: https://conda.anaconda.org/conda-forge/linux-64/tbb-2021.11.0-h00ab1b0_0.conda
  hash:
    md5: fde515afbbe6e36eb4564965c20b1058
    sha256: 05f2282cb204eeb62dbc698e14475f0bbb7f1eb07081d7f5da37d61ad3c4acb3
  category: main
  optional: false
- name: tk
  version: 8.6.13
  manager: conda
  platform: linux-64
  dependencies:
    libgcc-ng: '>=12'
    libzlib: '>=1.2.13,<1.3.0a0'
  url: https://conda.anaconda.org/conda-forge/linux-64/tk-8.6.13-noxft_h4845f30_101.conda
  hash:
    md5: d453b98d9c83e71da0741bb0ff4d76bc
    sha256: e0569c9caa68bf476bead1bed3d79650bb080b532c64a4af7d8ca286c08dea4e
  category: main
  optional: false
- name: torchvision
  version: 0.16.1
  manager: conda
  platform: linux-64
  dependencies:
    __glibc: '>=2.17,<3.0.a0'
    libgcc-ng: '>=12'
    libjpeg-turbo: '>=3.0.0,<4.0a0'
    libpng: '>=1.6.39,<1.7.0a0'
    libstdcxx-ng: '>=12'
    numpy: '>=1.22.4,<2.0a0'
    pillow: '>=5.3.0,!=8.3.0,!=8.3.1'
    python: '>=3.9,<3.10.0a0'
    python_abi: 3.9.*
    pytorch: '>=2.1.0,<2.2.0a0'
    requests: ''
  url: https://conda.anaconda.org/conda-forge/linux-64/torchvision-0.16.1-cpu_py39h7f5b5c8_1.conda
  hash:
    md5: 3e3f6e97aff7e4f00cd9dfdab8884b37
    sha256: 60b22fb8b2d4d8f54079ebae34ad30e89678109ec493937e6378ccfea5474951
  category: main
  optional: false
- name: tqdm
  version: 4.66.1
  manager: conda
  platform: linux-64
  dependencies:
    colorama: ''
    python: '>=3.7'
  url: https://conda.anaconda.org/conda-forge/noarch/tqdm-4.66.1-pyhd8ed1ab_0.conda
  hash:
    md5: 03c97908b976498dcae97eb4e4f3149c
    sha256: b61c9222af05e8c5ff27e4a4d2eb81870c21ffd7478346be3ef644b7a3759cc4
  category: main
  optional: false
- name: typing_extensions
  version: 4.9.0
  manager: conda
  platform: linux-64
  dependencies:
    python: '>=3.8'
  url: https://conda.anaconda.org/conda-forge/noarch/typing_extensions-4.9.0-pyha770c72_0.conda
  hash:
    md5: a92a6440c3fe7052d63244f3aba2a4a7
    sha256: f3c5be8673bfd905c4665efcb27fa50192f24f84fa8eff2f19cba5d09753d905
  category: main
  optional: false
- name: tzdata
  version: 2023c
  manager: conda
  platform: linux-64
  dependencies: {}
  url: https://conda.anaconda.org/conda-forge/noarch/tzdata-2023c-h71feb2d_0.conda
  hash:
    md5: 939e3e74d8be4dac89ce83b20de2492a
    sha256: 0449138224adfa125b220154408419ec37c06b0b49f63c5954724325903ecf55
  category: main
  optional: false
- name: urllib3
  version: 2.1.0
  manager: conda
  platform: linux-64
  dependencies:
    brotli-python: '>=1.0.9'
    pysocks: '>=1.5.6,<2.0,!=1.5.7'
    python: '>=3.7'
  url: https://conda.anaconda.org/conda-forge/noarch/urllib3-2.1.0-pyhd8ed1ab_0.conda
  hash:
    md5: f8ced8ee63830dec7ecc1be048d1470a
    sha256: eff5029820b4eaeab3a291a39854a6cd8fc8c4216264087f68c2d8d59822c869
  category: main
  optional: false
- name: wheel
  version: 0.42.0
  manager: conda
  platform: linux-64
  dependencies:
    python: '>=3.7'
  url: https://conda.anaconda.org/conda-forge/noarch/wheel-0.42.0-pyhd8ed1ab_0.conda
  hash:
    md5: 1cdea58981c5cbc17b51973bcaddcea7
    sha256: 80be0ccc815ce22f80c141013302839b0ed938a2edb50b846cf48d8a8c1cfa01
  category: main
  optional: false
- name: xorg-libxau
  version: 1.0.11
  manager: conda
  platform: linux-64
  dependencies:
    libgcc-ng: '>=12'
  url: https://conda.anaconda.org/conda-forge/linux-64/xorg-libxau-1.0.11-hd590300_0.conda
  hash:
    md5: 2c80dc38fface310c9bd81b17037fee5
    sha256: 309751371d525ce50af7c87811b435c176915239fc9e132b99a25d5e1703f2d4
  category: main
  optional: false
- name: xorg-libxdmcp
  version: 1.1.3
  manager: conda
  platform: linux-64
  dependencies:
    libgcc-ng: '>=9.3.0'
  url: https://conda.anaconda.org/conda-forge/linux-64/xorg-libxdmcp-1.1.3-h7f98852_0.tar.bz2
  hash:
    md5: be93aabceefa2fac576e971aef407908
    sha256: 4df7c5ee11b8686d3453e7f3f4aa20ceef441262b49860733066c52cfd0e4a77
  category: main
  optional: false
- name: xz
  version: 5.2.6
  manager: conda
  platform: linux-64
  dependencies:
    libgcc-ng: '>=12'
  url: https://conda.anaconda.org/conda-forge/linux-64/xz-5.2.6-h166bdaf_0.tar.bz2
  hash:
    md5: 2161070d867d1b1204ea749c8eec4ef0
    sha256: 03a6d28ded42af8a347345f82f3eebdd6807a08526d47899a42d62d319609162
  category: main
  optional: false
- name: yaml
  version: 0.2.5
  manager: conda
  platform: linux-64
  dependencies:
    libgcc-ng: '>=9.4.0'
  url: https://conda.anaconda.org/conda-forge/linux-64/yaml-0.2.5-h7f98852_2.tar.bz2
  hash:
    md5: 4cb3ad778ec2d5a7acbdf254eb1c42ae
    sha256: a4e34c710eeb26945bdbdaba82d3d74f60a78f54a874ec10d373811a5d217535
  category: main
  optional: false
- name: zipp
  version: 3.17.0
  manager: conda
  platform: linux-64
  dependencies:
    python: '>=3.8'
  url: https://conda.anaconda.org/conda-forge/noarch/zipp-3.17.0-pyhd8ed1ab_0.conda
  hash:
    md5: 2e4d6bc0b14e10f895fc6791a7d9b26a
    sha256: bced1423fdbf77bca0a735187d05d9b9812d2163f60ab426fc10f11f92ecbe26
  category: main
  optional: false
- name: zstd
  version: 1.5.5
  manager: conda
  platform: linux-64
  dependencies:
    libgcc-ng: '>=12'
    libstdcxx-ng: '>=12'
    libzlib: '>=1.2.13,<1.3.0a0'
  url: https://conda.anaconda.org/conda-forge/linux-64/zstd-1.5.5-hfc55251_0.conda
  hash:
    md5: 04b88013080254850d6c01ed54810589
    sha256: 607cbeb1a533be98ba96cf5cdf0ddbb101c78019f1fda063261871dad6248609
  category: main
  optional: false
